PODS:
  - BRYXBanner (0.8.4)
  - youtube-ios-player-helper (0.1.6)

DEPENDENCIES:
  - BRYXBanner
  - youtube-ios-player-helper

SPEC REPOS:
  https://github.com/CocoaPods/Specs.git:
    - BRYXBanner
    - youtube-ios-player-helper

SPEC CHECKSUMS:
  BRYXBanner: 4fbd266f96ce000e4c6cc9a0558c446bd88d9801
  youtube-ios-player-helper: 21ab92db027c7ff86cb17a3843a3f6eafc8158d2

PODFILE CHECKSUM: 16286f4379cfdc41099f8c8f0930226513d98073

COCOAPODS: 1.8.3
