// !$*UTF8*$!
{
	archiveVersion = 1;
	classes = {
	};
	objectVersion = 46;
	objects = {

/* Begin PBXBuildFile section */
		111942471CCB8CA0001CF39B /* Assets.xcassets in Resources */ = {isa = PBXBuildFile; fileRef = 111942461CCB8CA0001CF39B /* Assets.xcassets */; };
		111942551CCB8CA0001CF39B /* DiscoverMoviesTests.swift in Sources */ = {isa = PBXBuildFile; fileRef = 111942541CCB8CA0001CF39B /* DiscoverMoviesTests.swift */; };
		111942671CCB8CBE001CF39B /* TMDbMovieKit.h in Headers */ = {isa = PBXBuildFile; fileRef = 111942661CCB8CBE001CF39B /* TMDbMovieKit.h */; settings = {ATTRIBUTES = (Public, ); }; };
		1119426E1CCB8CBF001CF39B /* TMDbMovieKit.framework in Frameworks */ = {isa = PBXBuildFile; fileRef = 111942641CCB8CBE001CF39B /* TMDbMovieKit.framework */; };
		111942751CCB8CBF001CF39B /* TMDbMovieKitTests.swift in Sources */ = {isa = PBXBuildFile; fileRef = 111942741CCB8CBF001CF39B /* TMDbMovieKitTests.swift */; };
		1119427A1CCB8CBF001CF39B /* TMDbMovieKit.framework in Embed Frameworks */ = {isa = PBXBuildFile; fileRef = 111942641CCB8CBE001CF39B /* TMDbMovieKit.framework */; settings = {ATTRIBUTES = (CodeSignOnCopy, RemoveHeadersOnCopy, ); }; };
		1119428B1CCB8DBF001CF39B /* AppDelegate.swift in Sources */ = {isa = PBXBuildFile; fileRef = 1119428A1CCB8DBF001CF39B /* AppDelegate.swift */; };
		1119429A1CCB8DD4001CF39B /* IQDropDownTextField+Configure.swift in Sources */ = {isa = PBXBuildFile; fileRef = 1119428D1CCB8DD4001CF39B /* IQDropDownTextField+Configure.swift */; };
		1119429B1CCB8DD4001CF39B /* MBProgressHUD+Configure.swift in Sources */ = {isa = PBXBuildFile; fileRef = 1119428E1CCB8DD4001CF39B /* MBProgressHUD+Configure.swift */; };
		1119429E1CCB8DD4001CF39B /* NSDate+Year.swift in Sources */ = {isa = PBXBuildFile; fileRef = 111942911CCB8DD4001CF39B /* NSDate+Year.swift */; };
		111942A11CCB8DD4001CF39B /* UIImage+Placeholder.swift in Sources */ = {isa = PBXBuildFile; fileRef = 111942941CCB8DD4001CF39B /* UIImage+Placeholder.swift */; };
		111942A21CCB8DD4001CF39B /* UINavigationBar+Transparent.swift in Sources */ = {isa = PBXBuildFile; fileRef = 111942951CCB8DD4001CF39B /* UINavigationBar+Transparent.swift */; };
		111942A31CCB8DD4001CF39B /* UINavigationController+StatusBarStyle.swift in Sources */ = {isa = PBXBuildFile; fileRef = 111942961CCB8DD4001CF39B /* UINavigationController+StatusBarStyle.swift */; };
		111942A51CCB8DD4001CF39B /* UIViewController+Alert.swift in Sources */ = {isa = PBXBuildFile; fileRef = 111942981CCB8DD4001CF39B /* UIViewController+Alert.swift */; };
		111942B31CCB8DE5001CF39B /* BackgroundView.swift in Sources */ = {isa = PBXBuildFile; fileRef = 111942A61CCB8DE5001CF39B /* BackgroundView.swift */; };
		111942B41CCB8DE5001CF39B /* CustomButton.swift in Sources */ = {isa = PBXBuildFile; fileRef = 111942A71CCB8DE5001CF39B /* CustomButton.swift */; };
		111942B81CCB8DE5001CF39B /* ListTableViewCell.swift in Sources */ = {isa = PBXBuildFile; fileRef = 111942AB1CCB8DE5001CF39B /* ListTableViewCell.swift */; };
		111942B91CCB8DE5001CF39B /* ListTableViewCell.xib in Resources */ = {isa = PBXBuildFile; fileRef = 111942AC1CCB8DE5001CF39B /* ListTableViewCell.xib */; };
		111942BA1CCB8DE5001CF39B /* DiscoverListCell.swift in Sources */ = {isa = PBXBuildFile; fileRef = 111942AD1CCB8DE5001CF39B /* DiscoverListCell.swift */; };
		111942BB1CCB8DE5001CF39B /* DiscoverListCell.xib in Resources */ = {isa = PBXBuildFile; fileRef = 111942AE1CCB8DE5001CF39B /* DiscoverListCell.xib */; };
		111942D61CCB8E47001CF39B /* PullToRefreshable.swift in Sources */ = {isa = PBXBuildFile; fileRef = 111942D21CCB8E47001CF39B /* PullToRefreshable.swift */; };
		111942E01CCB8E74001CF39B /* SearchViewConfftroller.swift in Sources */ = {isa = PBXBuildFile; fileRef = 111942DD1CCB8E74001CF39B /* SearchViewConfftroller.swift */; };
		111942EE1CCB8EAE001CF39B /* LaunchScreen.storyboard in Resources */ = {isa = PBXBuildFile; fileRef = 111942EB1CCB8EAE001CF39B /* LaunchScreen.storyboard */; };
		111942EF1CCB8EAE001CF39B /* Menu.storyboard in Resources */ = {isa = PBXBuildFile; fileRef = 111942EC1CCB8EAE001CF39B /* Menu.storyboard */; };
		111942F21CCB8EB8001CF39B /* Theme.swift in Sources */ = {isa = PBXBuildFile; fileRef = 111942F11CCB8EB8001CF39B /* Theme.swift */; };
		111942F61CCB8EDE001CF39B /* AlamofireRequest+JSONSerializable.swift in Sources */ = {isa = PBXBuildFile; fileRef = 111942F31CCB8EDE001CF39B /* AlamofireRequest+JSONSerializable.swift */; };
		111942F71CCB8EDE001CF39B /* Constants.swift in Sources */ = {isa = PBXBuildFile; fileRef = 111942F41CCB8EDE001CF39B /* Constants.swift */; };
		111942F81CCB8EDE001CF39B /* ResponseJSONObjectSerializable.swift in Sources */ = {isa = PBXBuildFile; fileRef = 111942F51CCB8EDE001CF39B /* ResponseJSONObjectSerializable.swift */; };
		111943041CCB8EE4001CF39B /* TMDbGenres.swift in Sources */ = {isa = PBXBuildFile; fileRef = 111942FB1CCB8EE4001CF39B /* TMDbGenres.swift */; };
		111943051CCB8EE4001CF39B /* TMDbMovie.swift in Sources */ = {isa = PBXBuildFile; fileRef = 111942FC1CCB8EE4001CF39B /* TMDbMovie.swift */; };
		111943071CCB8EE4001CF39B /* TMDbPerson.swift in Sources */ = {isa = PBXBuildFile; fileRef = 111942FE1CCB8EE4001CF39B /* TMDbPerson.swift */; };
		111943081CCB8EE4001CF39B /* TMDbReview.swift in Sources */ = {isa = PBXBuildFile; fileRef = 111942FF1CCB8EE4001CF39B /* TMDbReview.swift */; };
		111943091CCB8EE4001CF39B /* TMDbUser.swift in Sources */ = {isa = PBXBuildFile; fileRef = 111943001CCB8EE4001CF39B /* TMDbUser.swift */; };
		1119430A1CCB8EE4001CF39B /* TMDbVideo.swift in Sources */ = {isa = PBXBuildFile; fileRef = 111943011CCB8EE4001CF39B /* TMDbVideo.swift */; };
		1119430C1CCB8EEB001CF39B /* String+ToNSDate.swift in Sources */ = {isa = PBXBuildFile; fileRef = 1119430B1CCB8EEB001CF39B /* String+ToNSDate.swift */; };
		111943111CCB8EF6001CF39B /* TMDbImageRouter.swift in Sources */ = {isa = PBXBuildFile; fileRef = 1119430D1CCB8EF6001CF39B /* TMDbImageRouter.swift */; };
		111943121CCB8EF6001CF39B /* TMDbMovieRouter.swift in Sources */ = {isa = PBXBuildFile; fileRef = 1119430E1CCB8EF6001CF39B /* TMDbMovieRouter.swift */; };
		111943131CCB8EF6001CF39B /* TMDbPeopleRouter.swift in Sources */ = {isa = PBXBuildFile; fileRef = 1119430F1CCB8EF6001CF39B /* TMDbPeopleRouter.swift */; };
		111943141CCB8EF6001CF39B /* TMDbSignInRouter.swift in Sources */ = {isa = PBXBuildFile; fileRef = 111943101CCB8EF6001CF39B /* TMDbSignInRouter.swift */; };
		1119431D1CCB8EFC001CF39B /* TMDbMovieService.swift in Sources */ = {isa = PBXBuildFile; fileRef = 111943161CCB8EFC001CF39B /* TMDbMovieService.swift */; };
		1119431F1CCB8EFC001CF39B /* TMDbSignInService.swift in Sources */ = {isa = PBXBuildFile; fileRef = 111943181CCB8EFC001CF39B /* TMDbSignInService.swift */; };
		111943321CCB8FCE001CF39B /* MenuButtonPresentable.swift in Sources */ = {isa = PBXBuildFile; fileRef = 111943311CCB8FCE001CF39B /* MenuButtonPresentable.swift */; };
		113946321CCBBA80001CFAEA /* NSDate+ToString.swift in Sources */ = {isa = PBXBuildFile; fileRef = 113946311CCBBA80001CFAEA /* NSDate+ToString.swift */; };
		2FD0C58EA1F83D58CE8F5738 /* Pods_Networking_TMDbMovieKit.framework in Frameworks */ = {isa = PBXBuildFile; fileRef = C0F2009B39EE3FB694D55FCB /* Pods_Networking_TMDbMovieKit.framework */; };
		D816CF16474C99AD6B06FE41 /* Pods_Networking_DiscoverMovies.framework in Frameworks */ = {isa = PBXBuildFile; fileRef = 517321B22A00C2578060F5E8 /* Pods_Networking_DiscoverMovies.framework */; };
		EA01FB021CEEFEEC007C9992 /* Caching.swift in Sources */ = {isa = PBXBuildFile; fileRef = EA01FB011CEEFEEC007C9992 /* Caching.swift */; };
		EA6487681CE1E65700452DD0 /* TMDbUserManager.swift in Sources */ = {isa = PBXBuildFile; fileRef = EA6487671CE1E65700452DD0 /* TMDbUserManager.swift */; };
		EA6487711CE21E2300452DD0 /* ListViewController.swift in Sources */ = {isa = PBXBuildFile; fileRef = EA64876F1CE21E2300452DD0 /* ListViewController.swift */; };
		EA6487721CE21E2300452DD0 /* ListViewController.xib in Resources */ = {isa = PBXBuildFile; fileRef = EA6487701CE21E2300452DD0 /* ListViewController.xib */; };
		EA64879F1CE3569700452DD0 /* DetailViewController.swift in Sources */ = {isa = PBXBuildFile; fileRef = EA64879D1CE3569700452DD0 /* DetailViewController.swift */; };
		EA6487A01CE3569700452DD0 /* DetailViewController.xib in Resources */ = {isa = PBXBuildFile; fileRef = EA64879E1CE3569700452DD0 /* DetailViewController.xib */; };
		EA6487A21CE356C300452DD0 /* DetailView.swift in Sources */ = {isa = PBXBuildFile; fileRef = EA6487A11CE356C300452DD0 /* DetailView.swift */; };
		EA6487A81CE3CBCA00452DD0 /* SearchViewController.swift in Sources */ = {isa = PBXBuildFile; fileRef = EA6487A71CE3CBCA00452DD0 /* SearchViewController.swift */; };
		EA6487B11CE4AB2900452DD0 /* VideoViewController.swift in Sources */ = {isa = PBXBuildFile; fileRef = EA6487AF1CE4AB2900452DD0 /* VideoViewController.swift */; };
		EA6487B21CE4AB2900452DD0 /* VideoViewController.xib in Resources */ = {isa = PBXBuildFile; fileRef = EA6487B01CE4AB2900452DD0 /* VideoViewController.xib */; };
		EA6487B41CE4AE0A00452DD0 /* TMDbDataManagerNotifications.swift in Sources */ = {isa = PBXBuildFile; fileRef = EA6487B31CE4AE0A00452DD0 /* TMDbDataManagerNotifications.swift */; };
		EA6487B61CE4AF0D00452DD0 /* TMDbMovieInfoManager.swift in Sources */ = {isa = PBXBuildFile; fileRef = EA6487B51CE4AF0D00452DD0 /* TMDbMovieInfoManager.swift */; };
		EA6487B81CE4BC9D00452DD0 /* TMDbMovieCredit.swift in Sources */ = {isa = PBXBuildFile; fileRef = EA6487B71CE4BC9D00452DD0 /* TMDbMovieCredit.swift */; };
		EA6487BF1CE4E50100452DD0 /* SignInViewController.swift in Sources */ = {isa = PBXBuildFile; fileRef = EA6487BD1CE4E50100452DD0 /* SignInViewController.swift */; };
		EA6487C01CE4E50100452DD0 /* SignInViewController.xib in Resources */ = {isa = PBXBuildFile; fileRef = EA6487BE1CE4E50100452DD0 /* SignInViewController.xib */; };
		EA6487C21CE4E55500452DD0 /* SignInView.swift in Sources */ = {isa = PBXBuildFile; fileRef = EA6487C11CE4E55500452DD0 /* SignInView.swift */; };
		EA6487C61CE503BD00452DD0 /* ReviewViewController.swift in Sources */ = {isa = PBXBuildFile; fileRef = EA6487C41CE503BD00452DD0 /* ReviewViewController.swift */; };
		EA6487CC1CE5163100452DD0 /* ProgressHUDPresentable.swift in Sources */ = {isa = PBXBuildFile; fileRef = EA6487CB1CE5163100452DD0 /* ProgressHUDPresentable.swift */; };
		EA6487CE1CE5166A00452DD0 /* BannerPresentable.swift in Sources */ = {isa = PBXBuildFile; fileRef = EA6487CD1CE5166A00452DD0 /* BannerPresentable.swift */; };
		EA6487D71CE51BF800452DD0 /* InternetErrorHandleable.swift in Sources */ = {isa = PBXBuildFile; fileRef = EA6487D61CE51BF800452DD0 /* InternetErrorHandleable.swift */; };
		EA6487D91CE51F8000452DD0 /* AuthorizationErrorHandleable.swift in Sources */ = {isa = PBXBuildFile; fileRef = EA6487D81CE51F8000452DD0 /* AuthorizationErrorHandleable.swift */; };
		EA6487E21CE5A4E300452DD0 /* ReviewTableViewCell.swift in Sources */ = {isa = PBXBuildFile; fileRef = EA6487E01CE5A4E300452DD0 /* ReviewTableViewCell.swift */; };
		EA6487E31CE5A4E300452DD0 /* ReviewTableViewCell.xib in Resources */ = {isa = PBXBuildFile; fileRef = EA6487E11CE5A4E300452DD0 /* ReviewTableViewCell.xib */; };
		EA6487E61CE5B50D00452DD0 /* BaseViewController.swift in Sources */ = {isa = PBXBuildFile; fileRef = EA6487E51CE5B50D00452DD0 /* BaseViewController.swift */; };
		EA6487F21CE5DFEE00452DD0 /* GradientView.swift in Sources */ = {isa = PBXBuildFile; fileRef = EA6487F11CE5DFEE00452DD0 /* GradientView.swift */; };
		EA6487F41CE61E1700452DD0 /* UIWebImage+CachedImage.swift in Sources */ = {isa = PBXBuildFile; fileRef = EA6487F31CE61E1700452DD0 /* UIWebImage+CachedImage.swift */; };
		EA782B7B1CE097B500DC38AD /* TMDbTopListManager.swift in Sources */ = {isa = PBXBuildFile; fileRef = EA782B7A1CE097B500DC38AD /* TMDbTopListManager.swift */; };
		EA782B7D1CE0B5F100DC38AD /* TMDbSignInManager.swift in Sources */ = {isa = PBXBuildFile; fileRef = EA782B7C1CE0B5F100DC38AD /* TMDbSignInManager.swift */; };
		EA782B7F1CE0C50000DC38AD /* TMDbAccountListManager.swift in Sources */ = {isa = PBXBuildFile; fileRef = EA782B7E1CE0C50000DC38AD /* TMDbAccountListManager.swift */; };
		EA782B831CE0C54A00DC38AD /* TMDbMovieSearchManager.swift in Sources */ = {isa = PBXBuildFile; fileRef = EA782B821CE0C54A00DC38AD /* TMDbMovieSearchManager.swift */; };
		EA782B871CE0CA4500DC38AD /* TMDbReviewManager.swift in Sources */ = {isa = PBXBuildFile; fileRef = EA782B861CE0CA4500DC38AD /* TMDbReviewManager.swift */; };
		EA782B8B1CE0D63C00DC38AD /* TMDbUserService.swift in Sources */ = {isa = PBXBuildFile; fileRef = EA782B8A1CE0D63C00DC38AD /* TMDbUserService.swift */; };
		EA782B8F1CE0E26C00DC38AD /* TMDbListHolder.swift in Sources */ = {isa = PBXBuildFile; fileRef = EA782B8E1CE0E26C00DC38AD /* TMDbListHolder.swift */; };
		EA782B931CE1D28800DC38AD /* TMDbSessionManager.swift in Sources */ = {isa = PBXBuildFile; fileRef = EA782B921CE1D28800DC38AD /* TMDbSessionManager.swift */; };
		EAA862061CEDBDE300C76D4D /* FavouriteButton.swift in Sources */ = {isa = PBXBuildFile; fileRef = EAA862051CEDBDE300C76D4D /* FavouriteButton.swift */; };
		EAA862081CEDDD7500C76D4D /* DiscoverListViewController.swift in Sources */ = {isa = PBXBuildFile; fileRef = EAA862071CEDDD7500C76D4D /* DiscoverListViewController.swift */; };
		EAA8620D1CEE41C300C76D4D /* WatchListButton.swift in Sources */ = {isa = PBXBuildFile; fileRef = EAA8620C1CEE41C300C76D4D /* WatchListButton.swift */; };
		EAA8620F1CEE582800C76D4D /* AnimatedShapeButton.swift in Sources */ = {isa = PBXBuildFile; fileRef = EAA8620E1CEE582800C76D4D /* AnimatedShapeButton.swift */; };
		EAD2A83E1CDCBAEB0005264B /* BaseTableView.swift in Sources */ = {isa = PBXBuildFile; fileRef = EAD2A83D1CDCBAEB0005264B /* BaseTableView.swift */; };
		EAD2A8401CDCC7820005264B /* TopListViewController.swift in Sources */ = {isa = PBXBuildFile; fileRef = EAD2A83F1CDCC7820005264B /* TopListViewController.swift */; };
		EAD2A8421CDCDF100005264B /* DiscoverDataProvider.swift in Sources */ = {isa = PBXBuildFile; fileRef = EAD2A8411CDCDF100005264B /* DiscoverDataProvider.swift */; };
		EADA5A6C1CE8A53700C2FAE8 /* TMDbCastMember.swift in Sources */ = {isa = PBXBuildFile; fileRef = EADA5A6B1CE8A53700C2FAE8 /* TMDbCastMember.swift */; };
		EADA5A6E1CE8A54200C2FAE8 /* TMDbCrewMember.swift in Sources */ = {isa = PBXBuildFile; fileRef = EADA5A6D1CE8A54200C2FAE8 /* TMDbCrewMember.swift */; };
		EADA5A711CE8AD9A00C2FAE8 /* PersonCollectionViewCell.swift in Sources */ = {isa = PBXBuildFile; fileRef = EADA5A6F1CE8AD9A00C2FAE8 /* PersonCollectionViewCell.swift */; };
		EADA5A721CE8AD9A00C2FAE8 /* PersonCollectionViewCell.xib in Resources */ = {isa = PBXBuildFile; fileRef = EADA5A701CE8AD9A00C2FAE8 /* PersonCollectionViewCell.xib */; };
		EADA5A771CE8AE9700C2FAE8 /* CastDataProvider.swift in Sources */ = {isa = PBXBuildFile; fileRef = EADA5A761CE8AE9700C2FAE8 /* CastDataProvider.swift */; };
		EADA5A7A1CE8B44600C2FAE8 /* MovieCollectionViewCell.swift in Sources */ = {isa = PBXBuildFile; fileRef = EADA5A781CE8B44600C2FAE8 /* MovieCollectionViewCell.swift */; };
		EADA5A7B1CE8B44600C2FAE8 /* MovieCollectionViewCell.xib in Resources */ = {isa = PBXBuildFile; fileRef = EADA5A791CE8B44600C2FAE8 /* MovieCollectionViewCell.xib */; };
		EADA5A7F1CE8D00B00C2FAE8 /* DetailFlowLayout.swift in Sources */ = {isa = PBXBuildFile; fileRef = EADA5A7E1CE8D00B00C2FAE8 /* DetailFlowLayout.swift */; };
		EADA5A811CE9AA2200C2FAE8 /* ReviewDataProvider.swift in Sources */ = {isa = PBXBuildFile; fileRef = EADA5A801CE9AA2200C2FAE8 /* ReviewDataProvider.swift */; };
		EADA5A921CEA290500C2FAE8 /* MenuTableViewCell.swift in Sources */ = {isa = PBXBuildFile; fileRef = EADA5A901CEA290500C2FAE8 /* MenuTableViewCell.swift */; };
		EADA5A931CEA290500C2FAE8 /* MenuTableViewCell.xib in Resources */ = {isa = PBXBuildFile; fileRef = EADA5A911CEA290500C2FAE8 /* MenuTableViewCell.xib */; };
		EADA5A961CEA309800C2FAE8 /* MenuViewController.swift in Sources */ = {isa = PBXBuildFile; fileRef = EADA5A941CEA309800C2FAE8 /* MenuViewController.swift */; };
		EADA5A971CEA309800C2FAE8 /* MenuViewController.xib in Resources */ = {isa = PBXBuildFile; fileRef = EADA5A951CEA309800C2FAE8 /* MenuViewController.xib */; };
		EADA5A9D1CEA3C8400C2FAE8 /* MenuTableView.swift in Sources */ = {isa = PBXBuildFile; fileRef = EADA5A9C1CEA3C8400C2FAE8 /* MenuTableView.swift */; };
		EADA5A9F1CEA3E0400C2FAE8 /* MenuHeaderView.xib in Resources */ = {isa = PBXBuildFile; fileRef = EADA5A9E1CEA3E0400C2FAE8 /* MenuHeaderView.xib */; };
		EADA5AA11CEA3E1000C2FAE8 /* MenuHeaderView.swift in Sources */ = {isa = PBXBuildFile; fileRef = EADA5AA01CEA3E1000C2FAE8 /* MenuHeaderView.swift */; };
		EADA5AA61CEA664300C2FAE8 /* SimilarMoviesDataProvider.swift in Sources */ = {isa = PBXBuildFile; fileRef = EADA5AA51CEA664300C2FAE8 /* SimilarMoviesDataProvider.swift */; };
		EADA5AA81CEA6B3700C2FAE8 /* FontStack.swift in Sources */ = {isa = PBXBuildFile; fileRef = EADA5AA71CEA6B3700C2FAE8 /* FontStack.swift */; };
		EADA5AAA1CEA6B6A00C2FAE8 /* Colors.swift in Sources */ = {isa = PBXBuildFile; fileRef = EADA5AA91CEA6B6A00C2FAE8 /* Colors.swift */; };
		EAE605C81CEA72C500D904EB /* TMDbSessionInfoStore.swift in Sources */ = {isa = PBXBuildFile; fileRef = EAE605C71CEA72C500D904EB /* TMDbSessionInfoStore.swift */; };
/* End PBXBuildFile section */

/* Begin PBXContainerItemProxy section */
		111942511CCB8CA0001CF39B /* PBXContainerItemProxy */ = {
			isa = PBXContainerItemProxy;
			containerPortal = 111942341CCB8CA0001CF39B /* Project object */;
			proxyType = 1;
			remoteGlobalIDString = 1119423B1CCB8CA0001CF39B;
			remoteInfo = DiscoverMovies;
		};
		1119426F1CCB8CBF001CF39B /* PBXContainerItemProxy */ = {
			isa = PBXContainerItemProxy;
			containerPortal = 111942341CCB8CA0001CF39B /* Project object */;
			proxyType = 1;
			remoteGlobalIDString = 111942631CCB8CBE001CF39B;
			remoteInfo = TMDbMovieKit;
		};
		111942711CCB8CBF001CF39B /* PBXContainerItemProxy */ = {
			isa = PBXContainerItemProxy;
			containerPortal = 111942341CCB8CA0001CF39B /* Project object */;
			proxyType = 1;
			remoteGlobalIDString = 1119423B1CCB8CA0001CF39B;
			remoteInfo = DiscoverMovies;
		};
		111942771CCB8CBF001CF39B /* PBXContainerItemProxy */ = {
			isa = PBXContainerItemProxy;
			containerPortal = 111942341CCB8CA0001CF39B /* Project object */;
			proxyType = 1;
			remoteGlobalIDString = 111942631CCB8CBE001CF39B;
			remoteInfo = TMDbMovieKit;
		};
/* End PBXContainerItemProxy section */

/* Begin PBXCopyFilesBuildPhase section */
		1119427E1CCB8CBF001CF39B /* Embed Frameworks */ = {
			isa = PBXCopyFilesBuildPhase;
			buildActionMask = 2147483647;
			dstPath = "";
			dstSubfolderSpec = 10;
			files = (
				1119427A1CCB8CBF001CF39B /* TMDbMovieKit.framework in Embed Frameworks */,
			);
			name = "Embed Frameworks";
			runOnlyForDeploymentPostprocessing = 0;
		};
/* End PBXCopyFilesBuildPhase section */

/* Begin PBXFileReference section */
		059152109640FCEEC1AB2F4A /* Pods-Networking-DiscoverMovies.release.xcconfig */ = {isa = PBXFileReference; includeInIndex = 1; lastKnownFileType = text.xcconfig; name = "Pods-Networking-DiscoverMovies.release.xcconfig"; path = "Pods/Target Support Files/Pods-Networking-DiscoverMovies/Pods-Networking-DiscoverMovies.release.xcconfig"; sourceTree = "<group>"; };
		1119423C1CCB8CA0001CF39B /* DiscoverMovies.app */ = {isa = PBXFileReference; explicitFileType = wrapper.application; includeInIndex = 0; path = DiscoverMovies.app; sourceTree = BUILT_PRODUCTS_DIR; };
		111942461CCB8CA0001CF39B /* Assets.xcassets */ = {isa = PBXFileReference; lastKnownFileType = folder.assetcatalog; path = Assets.xcassets; sourceTree = "<group>"; };
		1119424B1CCB8CA0001CF39B /* Info.plist */ = {isa = PBXFileReference; lastKnownFileType = text.plist.xml; path = Info.plist; sourceTree = "<group>"; };
		111942501CCB8CA0001CF39B /* DiscoverMoviesTests.xctest */ = {isa = PBXFileReference; explicitFileType = wrapper.cfbundle; includeInIndex = 0; path = DiscoverMoviesTests.xctest; sourceTree = BUILT_PRODUCTS_DIR; };
		111942541CCB8CA0001CF39B /* DiscoverMoviesTests.swift */ = {isa = PBXFileReference; lastKnownFileType = sourcecode.swift; path = DiscoverMoviesTests.swift; sourceTree = "<group>"; };
		111942561CCB8CA0001CF39B /* Info.plist */ = {isa = PBXFileReference; lastKnownFileType = text.plist.xml; path = Info.plist; sourceTree = "<group>"; };
		111942641CCB8CBE001CF39B /* TMDbMovieKit.framework */ = {isa = PBXFileReference; explicitFileType = wrapper.framework; includeInIndex = 0; path = TMDbMovieKit.framework; sourceTree = BUILT_PRODUCTS_DIR; };
		111942661CCB8CBE001CF39B /* TMDbMovieKit.h */ = {isa = PBXFileReference; lastKnownFileType = sourcecode.c.h; path = TMDbMovieKit.h; sourceTree = "<group>"; };
		111942681CCB8CBE001CF39B /* Info.plist */ = {isa = PBXFileReference; lastKnownFileType = text.plist.xml; path = Info.plist; sourceTree = "<group>"; };
		1119426D1CCB8CBF001CF39B /* TMDbMovieKitTests.xctest */ = {isa = PBXFileReference; explicitFileType = wrapper.cfbundle; includeInIndex = 0; path = TMDbMovieKitTests.xctest; sourceTree = BUILT_PRODUCTS_DIR; };
		111942741CCB8CBF001CF39B /* TMDbMovieKitTests.swift */ = {isa = PBXFileReference; lastKnownFileType = sourcecode.swift; path = TMDbMovieKitTests.swift; sourceTree = "<group>"; };
		111942761CCB8CBF001CF39B /* Info.plist */ = {isa = PBXFileReference; lastKnownFileType = text.plist.xml; path = Info.plist; sourceTree = "<group>"; };
		111942891CCB8DBF001CF39B /* DiscoverMovies-Bridging-Header.h */ = {isa = PBXFileReference; lastKnownFileType = sourcecode.c.h; name = "DiscoverMovies-Bridging-Header.h"; path = "AppDelegate/DiscoverMovies-Bridging-Header.h"; sourceTree = "<group>"; };
		1119428A1CCB8DBF001CF39B /* AppDelegate.swift */ = {isa = PBXFileReference; fileEncoding = 4; lastKnownFileType = sourcecode.swift; path = AppDelegate.swift; sourceTree = "<group>"; };
		1119428D1CCB8DD4001CF39B /* IQDropDownTextField+Configure.swift */ = {isa = PBXFileReference; fileEncoding = 4; lastKnownFileType = sourcecode.swift; path = "IQDropDownTextField+Configure.swift"; sourceTree = "<group>"; };
		1119428E1CCB8DD4001CF39B /* MBProgressHUD+Configure.swift */ = {isa = PBXFileReference; fileEncoding = 4; lastKnownFileType = sourcecode.swift; path = "MBProgressHUD+Configure.swift"; sourceTree = "<group>"; };
		111942911CCB8DD4001CF39B /* NSDate+Year.swift */ = {isa = PBXFileReference; fileEncoding = 4; lastKnownFileType = sourcecode.swift; path = "NSDate+Year.swift"; sourceTree = "<group>"; };
		111942941CCB8DD4001CF39B /* UIImage+Placeholder.swift */ = {isa = PBXFileReference; fileEncoding = 4; lastKnownFileType = sourcecode.swift; path = "UIImage+Placeholder.swift"; sourceTree = "<group>"; };
		111942951CCB8DD4001CF39B /* UINavigationBar+Transparent.swift */ = {isa = PBXFileReference; fileEncoding = 4; lastKnownFileType = sourcecode.swift; path = "UINavigationBar+Transparent.swift"; sourceTree = "<group>"; };
		111942961CCB8DD4001CF39B /* UINavigationController+StatusBarStyle.swift */ = {isa = PBXFileReference; fileEncoding = 4; lastKnownFileType = sourcecode.swift; path = "UINavigationController+StatusBarStyle.swift"; sourceTree = "<group>"; };
		111942981CCB8DD4001CF39B /* UIViewController+Alert.swift */ = {isa = PBXFileReference; fileEncoding = 4; lastKnownFileType = sourcecode.swift; path = "UIViewController+Alert.swift"; sourceTree = "<group>"; };
		111942A61CCB8DE5001CF39B /* BackgroundView.swift */ = {isa = PBXFileReference; fileEncoding = 4; lastKnownFileType = sourcecode.swift; path = BackgroundView.swift; sourceTree = "<group>"; };
		111942A71CCB8DE5001CF39B /* CustomButton.swift */ = {isa = PBXFileReference; fileEncoding = 4; lastKnownFileType = sourcecode.swift; path = CustomButton.swift; sourceTree = "<group>"; };
		111942AB1CCB8DE5001CF39B /* ListTableViewCell.swift */ = {isa = PBXFileReference; fileEncoding = 4; lastKnownFileType = sourcecode.swift; path = ListTableViewCell.swift; sourceTree = "<group>"; };
		111942AC1CCB8DE5001CF39B /* ListTableViewCell.xib */ = {isa = PBXFileReference; fileEncoding = 4; lastKnownFileType = file.xib; path = ListTableViewCell.xib; sourceTree = "<group>"; };
		111942AD1CCB8DE5001CF39B /* DiscoverListCell.swift */ = {isa = PBXFileReference; fileEncoding = 4; lastKnownFileType = sourcecode.swift; name = DiscoverListCell.swift; path = Discover/ListCell/DiscoverListCell.swift; sourceTree = "<group>"; };
		111942AE1CCB8DE5001CF39B /* DiscoverListCell.xib */ = {isa = PBXFileReference; fileEncoding = 4; lastKnownFileType = file.xib; name = DiscoverListCell.xib; path = Discover/ListCell/DiscoverListCell.xib; sourceTree = "<group>"; };
		111942D21CCB8E47001CF39B /* PullToRefreshable.swift */ = {isa = PBXFileReference; fileEncoding = 4; lastKnownFileType = sourcecode.swift; path = PullToRefreshable.swift; sourceTree = "<group>"; };
		111942DD1CCB8E74001CF39B /* SearchViewConfftroller.swift */ = {isa = PBXFileReference; fileEncoding = 4; lastKnownFileType = sourcecode.swift; path = SearchViewConfftroller.swift; sourceTree = "<group>"; };
		111942EB1CCB8EAE001CF39B /* LaunchScreen.storyboard */ = {isa = PBXFileReference; fileEncoding = 4; lastKnownFileType = file.storyboard; path = LaunchScreen.storyboard; sourceTree = "<group>"; };
		111942EC1CCB8EAE001CF39B /* Menu.storyboard */ = {isa = PBXFileReference; fileEncoding = 4; lastKnownFileType = file.storyboard; name = Menu.storyboard; path = ../Menu.storyboard; sourceTree = "<group>"; };
		111942F11CCB8EB8001CF39B /* Theme.swift */ = {isa = PBXFileReference; fileEncoding = 4; lastKnownFileType = sourcecode.swift; path = Theme.swift; sourceTree = "<group>"; };
		111942F31CCB8EDE001CF39B /* AlamofireRequest+JSONSerializable.swift */ = {isa = PBXFileReference; fileEncoding = 4; lastKnownFileType = sourcecode.swift; path = "AlamofireRequest+JSONSerializable.swift"; sourceTree = "<group>"; };
		111942F41CCB8EDE001CF39B /* Constants.swift */ = {isa = PBXFileReference; fileEncoding = 4; lastKnownFileType = sourcecode.swift; path = Constants.swift; sourceTree = "<group>"; };
		111942F51CCB8EDE001CF39B /* ResponseJSONObjectSerializable.swift */ = {isa = PBXFileReference; fileEncoding = 4; lastKnownFileType = sourcecode.swift; path = ResponseJSONObjectSerializable.swift; sourceTree = "<group>"; };
		111942FB1CCB8EE4001CF39B /* TMDbGenres.swift */ = {isa = PBXFileReference; fileEncoding = 4; lastKnownFileType = sourcecode.swift; path = TMDbGenres.swift; sourceTree = "<group>"; };
		111942FC1CCB8EE4001CF39B /* TMDbMovie.swift */ = {isa = PBXFileReference; fileEncoding = 4; lastKnownFileType = sourcecode.swift; path = TMDbMovie.swift; sourceTree = "<group>"; };
		111942FE1CCB8EE4001CF39B /* TMDbPerson.swift */ = {isa = PBXFileReference; fileEncoding = 4; lastKnownFileType = sourcecode.swift; path = TMDbPerson.swift; sourceTree = "<group>"; };
		111942FF1CCB8EE4001CF39B /* TMDbReview.swift */ = {isa = PBXFileReference; fileEncoding = 4; lastKnownFileType = sourcecode.swift; path = TMDbReview.swift; sourceTree = "<group>"; };
		111943001CCB8EE4001CF39B /* TMDbUser.swift */ = {isa = PBXFileReference; fileEncoding = 4; lastKnownFileType = sourcecode.swift; path = TMDbUser.swift; sourceTree = "<group>"; };
		111943011CCB8EE4001CF39B /* TMDbVideo.swift */ = {isa = PBXFileReference; fileEncoding = 4; lastKnownFileType = sourcecode.swift; path = TMDbVideo.swift; sourceTree = "<group>"; };
		1119430B1CCB8EEB001CF39B /* String+ToNSDate.swift */ = {isa = PBXFileReference; fileEncoding = 4; lastKnownFileType = sourcecode.swift; path = "String+ToNSDate.swift"; sourceTree = "<group>"; };
		1119430D1CCB8EF6001CF39B /* TMDbImageRouter.swift */ = {isa = PBXFileReference; fileEncoding = 4; lastKnownFileType = sourcecode.swift; path = TMDbImageRouter.swift; sourceTree = "<group>"; };
		1119430E1CCB8EF6001CF39B /* TMDbMovieRouter.swift */ = {isa = PBXFileReference; fileEncoding = 4; lastKnownFileType = sourcecode.swift; path = TMDbMovieRouter.swift; sourceTree = "<group>"; };
		1119430F1CCB8EF6001CF39B /* TMDbPeopleRouter.swift */ = {isa = PBXFileReference; fileEncoding = 4; lastKnownFileType = sourcecode.swift; path = TMDbPeopleRouter.swift; sourceTree = "<group>"; };
		111943101CCB8EF6001CF39B /* TMDbSignInRouter.swift */ = {isa = PBXFileReference; fileEncoding = 4; lastKnownFileType = sourcecode.swift; path = TMDbSignInRouter.swift; sourceTree = "<group>"; };
		111943161CCB8EFC001CF39B /* TMDbMovieService.swift */ = {isa = PBXFileReference; fileEncoding = 4; lastKnownFileType = sourcecode.swift; path = TMDbMovieService.swift; sourceTree = "<group>"; };
		111943181CCB8EFC001CF39B /* TMDbSignInService.swift */ = {isa = PBXFileReference; fileEncoding = 4; lastKnownFileType = sourcecode.swift; path = TMDbSignInService.swift; sourceTree = "<group>"; };
		111943311CCB8FCE001CF39B /* MenuButtonPresentable.swift */ = {isa = PBXFileReference; fileEncoding = 4; lastKnownFileType = sourcecode.swift; path = MenuButtonPresentable.swift; sourceTree = "<group>"; };
		113946311CCBBA80001CFAEA /* NSDate+ToString.swift */ = {isa = PBXFileReference; fileEncoding = 4; lastKnownFileType = sourcecode.swift; path = "NSDate+ToString.swift"; sourceTree = "<group>"; };
		14DEAD438F600658B454A2CE /* Pods-Networking-TMDbMovieKit.debug.xcconfig */ = {isa = PBXFileReference; includeInIndex = 1; lastKnownFileType = text.xcconfig; name = "Pods-Networking-TMDbMovieKit.debug.xcconfig"; path = "Pods/Target Support Files/Pods-Networking-TMDbMovieKit/Pods-Networking-TMDbMovieKit.debug.xcconfig"; sourceTree = "<group>"; };
		25EF27C2B6BF80FF7BEB7179 /* Pods.framework */ = {isa = PBXFileReference; explicitFileType = wrapper.framework; includeInIndex = 0; path = Pods.framework; sourceTree = BUILT_PRODUCTS_DIR; };
		517321B22A00C2578060F5E8 /* Pods_Networking_DiscoverMovies.framework */ = {isa = PBXFileReference; explicitFileType = wrapper.framework; includeInIndex = 0; path = Pods_Networking_DiscoverMovies.framework; sourceTree = BUILT_PRODUCTS_DIR; };
		BA5CC387001572C734217AFD /* Pods-Networking-TMDbMovieKit.release.xcconfig */ = {isa = PBXFileReference; includeInIndex = 1; lastKnownFileType = text.xcconfig; name = "Pods-Networking-TMDbMovieKit.release.xcconfig"; path = "Pods/Target Support Files/Pods-Networking-TMDbMovieKit/Pods-Networking-TMDbMovieKit.release.xcconfig"; sourceTree = "<group>"; };
		C0F2009B39EE3FB694D55FCB /* Pods_Networking_TMDbMovieKit.framework */ = {isa = PBXFileReference; explicitFileType = wrapper.framework; includeInIndex = 0; path = Pods_Networking_TMDbMovieKit.framework; sourceTree = BUILT_PRODUCTS_DIR; };
		D240CDE2964B81D596798CDB /* Pods-Networking-DiscoverMovies.debug.xcconfig */ = {isa = PBXFileReference; includeInIndex = 1; lastKnownFileType = text.xcconfig; name = "Pods-Networking-DiscoverMovies.debug.xcconfig"; path = "Pods/Target Support Files/Pods-Networking-DiscoverMovies/Pods-Networking-DiscoverMovies.debug.xcconfig"; sourceTree = "<group>"; };
		EA01FB011CEEFEEC007C9992 /* Caching.swift */ = {isa = PBXFileReference; fileEncoding = 4; lastKnownFileType = sourcecode.swift; path = Caching.swift; sourceTree = "<group>"; };
		EA6487671CE1E65700452DD0 /* TMDbUserManager.swift */ = {isa = PBXFileReference; fileEncoding = 4; lastKnownFileType = sourcecode.swift; path = TMDbUserManager.swift; sourceTree = "<group>"; };
		EA64876F1CE21E2300452DD0 /* ListViewController.swift */ = {isa = PBXFileReference; fileEncoding = 4; lastKnownFileType = sourcecode.swift; path = ListViewController.swift; sourceTree = "<group>"; };
		EA6487701CE21E2300452DD0 /* ListViewController.xib */ = {isa = PBXFileReference; fileEncoding = 4; lastKnownFileType = file.xib; path = ListViewController.xib; sourceTree = "<group>"; };
		EA64879D1CE3569700452DD0 /* DetailViewController.swift */ = {isa = PBXFileReference; fileEncoding = 4; lastKnownFileType = sourcecode.swift; path = DetailViewController.swift; sourceTree = "<group>"; };
		EA64879E1CE3569700452DD0 /* DetailViewController.xib */ = {isa = PBXFileReference; fileEncoding = 4; lastKnownFileType = file.xib; path = DetailViewController.xib; sourceTree = "<group>"; };
		EA6487A11CE356C300452DD0 /* DetailView.swift */ = {isa = PBXFileReference; fileEncoding = 4; lastKnownFileType = sourcecode.swift; path = DetailView.swift; sourceTree = "<group>"; };
		EA6487A71CE3CBCA00452DD0 /* SearchViewController.swift */ = {isa = PBXFileReference; fileEncoding = 4; lastKnownFileType = sourcecode.swift; path = SearchViewController.swift; sourceTree = "<group>"; };
		EA6487AF1CE4AB2900452DD0 /* VideoViewController.swift */ = {isa = PBXFileReference; fileEncoding = 4; lastKnownFileType = sourcecode.swift; path = VideoViewController.swift; sourceTree = "<group>"; };
		EA6487B01CE4AB2900452DD0 /* VideoViewController.xib */ = {isa = PBXFileReference; fileEncoding = 4; lastKnownFileType = file.xib; path = VideoViewController.xib; sourceTree = "<group>"; };
		EA6487B31CE4AE0A00452DD0 /* TMDbDataManagerNotifications.swift */ = {isa = PBXFileReference; fileEncoding = 4; lastKnownFileType = sourcecode.swift; path = TMDbDataManagerNotifications.swift; sourceTree = "<group>"; };
		EA6487B51CE4AF0D00452DD0 /* TMDbMovieInfoManager.swift */ = {isa = PBXFileReference; fileEncoding = 4; lastKnownFileType = sourcecode.swift; path = TMDbMovieInfoManager.swift; sourceTree = "<group>"; };
		EA6487B71CE4BC9D00452DD0 /* TMDbMovieCredit.swift */ = {isa = PBXFileReference; fileEncoding = 4; lastKnownFileType = sourcecode.swift; path = TMDbMovieCredit.swift; sourceTree = "<group>"; };
		EA6487BD1CE4E50100452DD0 /* SignInViewController.swift */ = {isa = PBXFileReference; fileEncoding = 4; lastKnownFileType = sourcecode.swift; path = SignInViewController.swift; sourceTree = "<group>"; };
		EA6487BE1CE4E50100452DD0 /* SignInViewController.xib */ = {isa = PBXFileReference; fileEncoding = 4; lastKnownFileType = file.xib; path = SignInViewController.xib; sourceTree = "<group>"; };
		EA6487C11CE4E55500452DD0 /* SignInView.swift */ = {isa = PBXFileReference; fileEncoding = 4; lastKnownFileType = sourcecode.swift; path = SignInView.swift; sourceTree = "<group>"; };
		EA6487C41CE503BD00452DD0 /* ReviewViewController.swift */ = {isa = PBXFileReference; fileEncoding = 4; lastKnownFileType = sourcecode.swift; path = ReviewViewController.swift; sourceTree = "<group>"; };
		EA6487CB1CE5163100452DD0 /* ProgressHUDPresentable.swift */ = {isa = PBXFileReference; fileEncoding = 4; lastKnownFileType = sourcecode.swift; path = ProgressHUDPresentable.swift; sourceTree = "<group>"; };
		EA6487CD1CE5166A00452DD0 /* BannerPresentable.swift */ = {isa = PBXFileReference; fileEncoding = 4; lastKnownFileType = sourcecode.swift; path = BannerPresentable.swift; sourceTree = "<group>"; };
		EA6487D61CE51BF800452DD0 /* InternetErrorHandleable.swift */ = {isa = PBXFileReference; fileEncoding = 4; lastKnownFileType = sourcecode.swift; path = InternetErrorHandleable.swift; sourceTree = "<group>"; };
		EA6487D81CE51F8000452DD0 /* AuthorizationErrorHandleable.swift */ = {isa = PBXFileReference; fileEncoding = 4; lastKnownFileType = sourcecode.swift; path = AuthorizationErrorHandleable.swift; sourceTree = "<group>"; };
		EA6487E01CE5A4E300452DD0 /* ReviewTableViewCell.swift */ = {isa = PBXFileReference; fileEncoding = 4; lastKnownFileType = sourcecode.swift; path = ReviewTableViewCell.swift; sourceTree = "<group>"; };
		EA6487E11CE5A4E300452DD0 /* ReviewTableViewCell.xib */ = {isa = PBXFileReference; fileEncoding = 4; lastKnownFileType = file.xib; path = ReviewTableViewCell.xib; sourceTree = "<group>"; };
		EA6487E51CE5B50D00452DD0 /* BaseViewController.swift */ = {isa = PBXFileReference; fileEncoding = 4; lastKnownFileType = sourcecode.swift; path = BaseViewController.swift; sourceTree = "<group>"; };
		EA6487F11CE5DFEE00452DD0 /* GradientView.swift */ = {isa = PBXFileReference; fileEncoding = 4; lastKnownFileType = sourcecode.swift; path = GradientView.swift; sourceTree = "<group>"; };
		EA6487F31CE61E1700452DD0 /* UIWebImage+CachedImage.swift */ = {isa = PBXFileReference; fileEncoding = 4; lastKnownFileType = sourcecode.swift; path = "UIWebImage+CachedImage.swift"; sourceTree = "<group>"; };
		EA782B7A1CE097B500DC38AD /* TMDbTopListManager.swift */ = {isa = PBXFileReference; fileEncoding = 4; lastKnownFileType = sourcecode.swift; path = TMDbTopListManager.swift; sourceTree = "<group>"; };
		EA782B7C1CE0B5F100DC38AD /* TMDbSignInManager.swift */ = {isa = PBXFileReference; fileEncoding = 4; lastKnownFileType = sourcecode.swift; path = TMDbSignInManager.swift; sourceTree = "<group>"; };
		EA782B7E1CE0C50000DC38AD /* TMDbAccountListManager.swift */ = {isa = PBXFileReference; fileEncoding = 4; lastKnownFileType = sourcecode.swift; path = TMDbAccountListManager.swift; sourceTree = "<group>"; };
		EA782B821CE0C54A00DC38AD /* TMDbMovieSearchManager.swift */ = {isa = PBXFileReference; fileEncoding = 4; lastKnownFileType = sourcecode.swift; path = TMDbMovieSearchManager.swift; sourceTree = "<group>"; };
		EA782B861CE0CA4500DC38AD /* TMDbReviewManager.swift */ = {isa = PBXFileReference; fileEncoding = 4; lastKnownFileType = sourcecode.swift; path = TMDbReviewManager.swift; sourceTree = "<group>"; };
		EA782B8A1CE0D63C00DC38AD /* TMDbUserService.swift */ = {isa = PBXFileReference; fileEncoding = 4; lastKnownFileType = sourcecode.swift; path = TMDbUserService.swift; sourceTree = "<group>"; };
		EA782B8E1CE0E26C00DC38AD /* TMDbListHolder.swift */ = {isa = PBXFileReference; fileEncoding = 4; lastKnownFileType = sourcecode.swift; path = TMDbListHolder.swift; sourceTree = "<group>"; };
		EA782B921CE1D28800DC38AD /* TMDbSessionManager.swift */ = {isa = PBXFileReference; fileEncoding = 4; lastKnownFileType = sourcecode.swift; path = TMDbSessionManager.swift; sourceTree = "<group>"; };
		EAA862051CEDBDE300C76D4D /* FavouriteButton.swift */ = {isa = PBXFileReference; fileEncoding = 4; lastKnownFileType = sourcecode.swift; path = FavouriteButton.swift; sourceTree = "<group>"; };
		EAA862071CEDDD7500C76D4D /* DiscoverListViewController.swift */ = {isa = PBXFileReference; fileEncoding = 4; lastKnownFileType = sourcecode.swift; path = DiscoverListViewController.swift; sourceTree = "<group>"; };
		EAA8620C1CEE41C300C76D4D /* WatchListButton.swift */ = {isa = PBXFileReference; fileEncoding = 4; lastKnownFileType = sourcecode.swift; path = WatchListButton.swift; sourceTree = "<group>"; };
		EAA8620E1CEE582800C76D4D /* AnimatedShapeButton.swift */ = {isa = PBXFileReference; fileEncoding = 4; lastKnownFileType = sourcecode.swift; path = AnimatedShapeButton.swift; sourceTree = "<group>"; };
		EAD2A83D1CDCBAEB0005264B /* BaseTableView.swift */ = {isa = PBXFileReference; fileEncoding = 4; lastKnownFileType = sourcecode.swift; path = BaseTableView.swift; sourceTree = "<group>"; };
		EAD2A83F1CDCC7820005264B /* TopListViewController.swift */ = {isa = PBXFileReference; fileEncoding = 4; lastKnownFileType = sourcecode.swift; path = TopListViewController.swift; sourceTree = "<group>"; };
		EAD2A8411CDCDF100005264B /* DiscoverDataProvider.swift */ = {isa = PBXFileReference; fileEncoding = 4; lastKnownFileType = sourcecode.swift; name = DiscoverDataProvider.swift; path = Discover/TopList/Controller/DiscoverDataProvider.swift; sourceTree = "<group>"; };
		EADA5A6B1CE8A53700C2FAE8 /* TMDbCastMember.swift */ = {isa = PBXFileReference; fileEncoding = 4; lastKnownFileType = sourcecode.swift; path = TMDbCastMember.swift; sourceTree = "<group>"; };
		EADA5A6D1CE8A54200C2FAE8 /* TMDbCrewMember.swift */ = {isa = PBXFileReference; fileEncoding = 4; lastKnownFileType = sourcecode.swift; path = TMDbCrewMember.swift; sourceTree = "<group>"; };
		EADA5A6F1CE8AD9A00C2FAE8 /* PersonCollectionViewCell.swift */ = {isa = PBXFileReference; fileEncoding = 4; lastKnownFileType = sourcecode.swift; path = PersonCollectionViewCell.swift; sourceTree = "<group>"; };
		EADA5A701CE8AD9A00C2FAE8 /* PersonCollectionViewCell.xib */ = {isa = PBXFileReference; fileEncoding = 4; lastKnownFileType = file.xib; path = PersonCollectionViewCell.xib; sourceTree = "<group>"; };
		EADA5A761CE8AE9700C2FAE8 /* CastDataProvider.swift */ = {isa = PBXFileReference; fileEncoding = 4; lastKnownFileType = sourcecode.swift; path = CastDataProvider.swift; sourceTree = "<group>"; };
		EADA5A781CE8B44600C2FAE8 /* MovieCollectionViewCell.swift */ = {isa = PBXFileReference; fileEncoding = 4; lastKnownFileType = sourcecode.swift; path = MovieCollectionViewCell.swift; sourceTree = "<group>"; };
		EADA5A791CE8B44600C2FAE8 /* MovieCollectionViewCell.xib */ = {isa = PBXFileReference; fileEncoding = 4; lastKnownFileType = file.xib; path = MovieCollectionViewCell.xib; sourceTree = "<group>"; };
		EADA5A7E1CE8D00B00C2FAE8 /* DetailFlowLayout.swift */ = {isa = PBXFileReference; fileEncoding = 4; lastKnownFileType = sourcecode.swift; path = DetailFlowLayout.swift; sourceTree = "<group>"; };
		EADA5A801CE9AA2200C2FAE8 /* ReviewDataProvider.swift */ = {isa = PBXFileReference; fileEncoding = 4; lastKnownFileType = sourcecode.swift; path = ReviewDataProvider.swift; sourceTree = "<group>"; };
		EADA5A901CEA290500C2FAE8 /* MenuTableViewCell.swift */ = {isa = PBXFileReference; fileEncoding = 4; lastKnownFileType = sourcecode.swift; path = MenuTableViewCell.swift; sourceTree = "<group>"; };
		EADA5A911CEA290500C2FAE8 /* MenuTableViewCell.xib */ = {isa = PBXFileReference; fileEncoding = 4; lastKnownFileType = file.xib; path = MenuTableViewCell.xib; sourceTree = "<group>"; };
		EADA5A941CEA309800C2FAE8 /* MenuViewController.swift */ = {isa = PBXFileReference; fileEncoding = 4; lastKnownFileType = sourcecode.swift; path = MenuViewController.swift; sourceTree = "<group>"; };
		EADA5A951CEA309800C2FAE8 /* MenuViewController.xib */ = {isa = PBXFileReference; fileEncoding = 4; lastKnownFileType = file.xib; path = MenuViewController.xib; sourceTree = "<group>"; };
		EADA5A9C1CEA3C8400C2FAE8 /* MenuTableView.swift */ = {isa = PBXFileReference; fileEncoding = 4; lastKnownFileType = sourcecode.swift; path = MenuTableView.swift; sourceTree = "<group>"; };
		EADA5A9E1CEA3E0400C2FAE8 /* MenuHeaderView.xib */ = {isa = PBXFileReference; fileEncoding = 4; lastKnownFileType = file.xib; path = MenuHeaderView.xib; sourceTree = "<group>"; };
		EADA5AA01CEA3E1000C2FAE8 /* MenuHeaderView.swift */ = {isa = PBXFileReference; fileEncoding = 4; lastKnownFileType = sourcecode.swift; path = MenuHeaderView.swift; sourceTree = "<group>"; };
		EADA5AA51CEA664300C2FAE8 /* SimilarMoviesDataProvider.swift */ = {isa = PBXFileReference; fileEncoding = 4; lastKnownFileType = sourcecode.swift; path = SimilarMoviesDataProvider.swift; sourceTree = "<group>"; };
		EADA5AA71CEA6B3700C2FAE8 /* FontStack.swift */ = {isa = PBXFileReference; fileEncoding = 4; lastKnownFileType = sourcecode.swift; path = FontStack.swift; sourceTree = "<group>"; };
		EADA5AA91CEA6B6A00C2FAE8 /* Colors.swift */ = {isa = PBXFileReference; fileEncoding = 4; lastKnownFileType = sourcecode.swift; path = Colors.swift; sourceTree = "<group>"; };
		EAE605C71CEA72C500D904EB /* TMDbSessionInfoStore.swift */ = {isa = PBXFileReference; fileEncoding = 4; lastKnownFileType = sourcecode.swift; path = TMDbSessionInfoStore.swift; sourceTree = "<group>"; };
/* End PBXFileReference section */

/* Begin PBXFrameworksBuildPhase section */
		111942391CCB8CA0001CF39B /* Frameworks */ = {
			isa = PBXFrameworksBuildPhase;
			buildActionMask = 2147483647;
			files = (
				D816CF16474C99AD6B06FE41 /* Pods_Networking_DiscoverMovies.framework in Frameworks */,
			);
			runOnlyForDeploymentPostprocessing = 0;
		};
		1119424D1CCB8CA0001CF39B /* Frameworks */ = {
			isa = PBXFrameworksBuildPhase;
			buildActionMask = 2147483647;
			files = (
			);
			runOnlyForDeploymentPostprocessing = 0;
		};
		111942601CCB8CBE001CF39B /* Frameworks */ = {
			isa = PBXFrameworksBuildPhase;
			buildActionMask = 2147483647;
			files = (
				2FD0C58EA1F83D58CE8F5738 /* Pods_Networking_TMDbMovieKit.framework in Frameworks */,
			);
			runOnlyForDeploymentPostprocessing = 0;
		};
		1119426A1CCB8CBF001CF39B /* Frameworks */ = {
			isa = PBXFrameworksBuildPhase;
			buildActionMask = 2147483647;
			files = (
				1119426E1CCB8CBF001CF39B /* TMDbMovieKit.framework in Frameworks */,
			);
			runOnlyForDeploymentPostprocessing = 0;
		};
/* End PBXFrameworksBuildPhase section */

/* Begin PBXGroup section */
		111942331CCB8CA0001CF39B = {
			isa = PBXGroup;
			children = (
				1119423E1CCB8CA0001CF39B /* DiscoverMovies */,
				111942861CCB8D2B001CF39B /* Supporting files */,
				111942531CCB8CA0001CF39B /* DiscoverMoviesTests */,
				111942651CCB8CBE001CF39B /* TMDbMovieKit */,
				111942731CCB8CBF001CF39B /* TMDbMovieKitTests */,
				1119423D1CCB8CA0001CF39B /* Products */,
				2693F16C0142D84C17AC1C7B /* Frameworks */,
				3036EB9CA3E9FB7DC49741B3 /* Pods */,
			);
			sourceTree = "<group>";
		};
		1119423D1CCB8CA0001CF39B /* Products */ = {
			isa = PBXGroup;
			children = (
				1119423C1CCB8CA0001CF39B /* DiscoverMovies.app */,
				111942501CCB8CA0001CF39B /* DiscoverMoviesTests.xctest */,
				111942641CCB8CBE001CF39B /* TMDbMovieKit.framework */,
				1119426D1CCB8CBF001CF39B /* TMDbMovieKitTests.xctest */,
			);
			name = Products;
			sourceTree = "<group>";
		};
		1119423E1CCB8CA0001CF39B /* DiscoverMovies */ = {
			isa = PBXGroup;
			children = (
				111942871CCB8D65001CF39B /* AppDelegate */,
				EAD2A8211CDC9D000005264B /* Scene */,
				111942881CCB8D6F001CF39B /* Theme */,
				111942841CCB8D13001CF39B /* Helpers */,
				111942831CCB8D0B001CF39B /* View (old) */,
				111942821CCB8CF8001CF39B /* Controller Old */,
				111942851CCB8D1C001CF39B /* Storyboard */,
			);
			path = DiscoverMovies;
			sourceTree = "<group>";
		};
		111942531CCB8CA0001CF39B /* DiscoverMoviesTests */ = {
			isa = PBXGroup;
			children = (
				111942541CCB8CA0001CF39B /* DiscoverMoviesTests.swift */,
				111942561CCB8CA0001CF39B /* Info.plist */,
			);
			path = DiscoverMoviesTests;
			sourceTree = "<group>";
		};
		111942651CCB8CBE001CF39B /* TMDbMovieKit */ = {
			isa = PBXGroup;
			children = (
				EA782B771CE079E800DC38AD /* Data manager */,
				1119433B1CCB90D0001CF39B /* Service */,
				EA782B951CE1E52600DC38AD /* Store */,
				111943391CCB90BE001CF39B /* Router */,
				111943381CCB90B5001CF39B /* Entities */,
				111943371CCB909F001CF39B /* Alamofire */,
				1119433A1CCB90C8001CF39B /* Helpers */,
				1139463D1CCD1C60001CFAEA /* Supporting files */,
			);
			path = TMDbMovieKit;
			sourceTree = "<group>";
		};
		111942731CCB8CBF001CF39B /* TMDbMovieKitTests */ = {
			isa = PBXGroup;
			children = (
				111942741CCB8CBF001CF39B /* TMDbMovieKitTests.swift */,
				111942761CCB8CBF001CF39B /* Info.plist */,
			);
			path = TMDbMovieKitTests;
			sourceTree = "<group>";
		};
		111942821CCB8CF8001CF39B /* Controller Old */ = {
			isa = PBXGroup;
			children = (
				111942EC1CCB8EAE001CF39B /* Menu.storyboard */,
			);
			name = "Controller Old";
			path = Controller;
			sourceTree = "<group>";
		};
		111942831CCB8D0B001CF39B /* View (old) */ = {
			isa = PBXGroup;
			children = (
				111942A61CCB8DE5001CF39B /* BackgroundView.swift */,
				111942A71CCB8DE5001CF39B /* CustomButton.swift */,
				111942AB1CCB8DE5001CF39B /* ListTableViewCell.swift */,
				111942AC1CCB8DE5001CF39B /* ListTableViewCell.xib */,
			);
			name = "View (old)";
			path = View;
			sourceTree = "<group>";
		};
		111942841CCB8D13001CF39B /* Helpers */ = {
			isa = PBXGroup;
			children = (
				1119428D1CCB8DD4001CF39B /* IQDropDownTextField+Configure.swift */,
				1119428E1CCB8DD4001CF39B /* MBProgressHUD+Configure.swift */,
				111942911CCB8DD4001CF39B /* NSDate+Year.swift */,
				113946311CCBBA80001CFAEA /* NSDate+ToString.swift */,
				111942941CCB8DD4001CF39B /* UIImage+Placeholder.swift */,
				111942951CCB8DD4001CF39B /* UINavigationBar+Transparent.swift */,
				111942961CCB8DD4001CF39B /* UINavigationController+StatusBarStyle.swift */,
				111942981CCB8DD4001CF39B /* UIViewController+Alert.swift */,
				EA6487F31CE61E1700452DD0 /* UIWebImage+CachedImage.swift */,
			);
			path = Helpers;
			sourceTree = "<group>";
		};
		111942851CCB8D1C001CF39B /* Storyboard */ = {
			isa = PBXGroup;
			children = (
				111942EB1CCB8EAE001CF39B /* LaunchScreen.storyboard */,
			);
			name = Storyboard;
			sourceTree = "<group>";
		};
		111942861CCB8D2B001CF39B /* Supporting files */ = {
			isa = PBXGroup;
			children = (
				111942891CCB8DBF001CF39B /* DiscoverMovies-Bridging-Header.h */,
				111942461CCB8CA0001CF39B /* Assets.xcassets */,
				1119424B1CCB8CA0001CF39B /* Info.plist */,
			);
			name = "Supporting files";
			path = DiscoverMovies;
			sourceTree = "<group>";
		};
		111942871CCB8D65001CF39B /* AppDelegate */ = {
			isa = PBXGroup;
			children = (
				1119428A1CCB8DBF001CF39B /* AppDelegate.swift */,
			);
			path = AppDelegate;
			sourceTree = "<group>";
		};
		111942881CCB8D6F001CF39B /* Theme */ = {
			isa = PBXGroup;
			children = (
				111942F11CCB8EB8001CF39B /* Theme.swift */,
				EADA5AA71CEA6B3700C2FAE8 /* FontStack.swift */,
				EADA5AA91CEA6B6A00C2FAE8 /* Colors.swift */,
			);
			path = Theme;
			sourceTree = "<group>";
		};
		111943371CCB909F001CF39B /* Alamofire */ = {
			isa = PBXGroup;
			children = (
				111942F41CCB8EDE001CF39B /* Constants.swift */,
				111942F31CCB8EDE001CF39B /* AlamofireRequest+JSONSerializable.swift */,
				111942F51CCB8EDE001CF39B /* ResponseJSONObjectSerializable.swift */,
			);
			path = Alamofire;
			sourceTree = "<group>";
		};
		111943381CCB90B5001CF39B /* Entities */ = {
			isa = PBXGroup;
			children = (
				EA782B8E1CE0E26C00DC38AD /* TMDbListHolder.swift */,
				111942FC1CCB8EE4001CF39B /* TMDbMovie.swift */,
				111942FF1CCB8EE4001CF39B /* TMDbReview.swift */,
				111943011CCB8EE4001CF39B /* TMDbVideo.swift */,
				EA6487B71CE4BC9D00452DD0 /* TMDbMovieCredit.swift */,
				EADA5A6B1CE8A53700C2FAE8 /* TMDbCastMember.swift */,
				EADA5A6D1CE8A54200C2FAE8 /* TMDbCrewMember.swift */,
				111943001CCB8EE4001CF39B /* TMDbUser.swift */,
				111942FB1CCB8EE4001CF39B /* TMDbGenres.swift */,
				111942FE1CCB8EE4001CF39B /* TMDbPerson.swift */,
			);
			path = Entities;
			sourceTree = "<group>";
		};
		111943391CCB90BE001CF39B /* Router */ = {
			isa = PBXGroup;
			children = (
				111943101CCB8EF6001CF39B /* TMDbSignInRouter.swift */,
				1119430E1CCB8EF6001CF39B /* TMDbMovieRouter.swift */,
				1119430F1CCB8EF6001CF39B /* TMDbPeopleRouter.swift */,
				1119430D1CCB8EF6001CF39B /* TMDbImageRouter.swift */,
			);
			path = Router;
			sourceTree = "<group>";
		};
		1119433A1CCB90C8001CF39B /* Helpers */ = {
			isa = PBXGroup;
			children = (
				1119430B1CCB8EEB001CF39B /* String+ToNSDate.swift */,
			);
			path = Helpers;
			sourceTree = "<group>";
		};
		1119433B1CCB90D0001CF39B /* Service */ = {
			isa = PBXGroup;
			children = (
				111943181CCB8EFC001CF39B /* TMDbSignInService.swift */,
				EA782B8A1CE0D63C00DC38AD /* TMDbUserService.swift */,
				111943161CCB8EFC001CF39B /* TMDbMovieService.swift */,
			);
			path = Service;
			sourceTree = "<group>";
		};
		1139463D1CCD1C60001CFAEA /* Supporting files */ = {
			isa = PBXGroup;
			children = (
				111942681CCB8CBE001CF39B /* Info.plist */,
				111942661CCB8CBE001CF39B /* TMDbMovieKit.h */,
			);
			name = "Supporting files";
			sourceTree = "<group>";
		};
		2693F16C0142D84C17AC1C7B /* Frameworks */ = {
			isa = PBXGroup;
			children = (
				25EF27C2B6BF80FF7BEB7179 /* Pods.framework */,
				517321B22A00C2578060F5E8 /* Pods_Networking_DiscoverMovies.framework */,
				C0F2009B39EE3FB694D55FCB /* Pods_Networking_TMDbMovieKit.framework */,
			);
			name = Frameworks;
			sourceTree = "<group>";
		};
		3036EB9CA3E9FB7DC49741B3 /* Pods */ = {
			isa = PBXGroup;
			children = (
				D240CDE2964B81D596798CDB /* Pods-Networking-DiscoverMovies.debug.xcconfig */,
				059152109640FCEEC1AB2F4A /* Pods-Networking-DiscoverMovies.release.xcconfig */,
				14DEAD438F600658B454A2CE /* Pods-Networking-TMDbMovieKit.debug.xcconfig */,
				BA5CC387001572C734217AFD /* Pods-Networking-TMDbMovieKit.release.xcconfig */,
			);
			name = Pods;
			sourceTree = "<group>";
		};
		EA6487A61CE3CB6B00452DD0 /* Controller */ = {
			isa = PBXGroup;
			children = (
				EAD2A83F1CDCC7820005264B /* TopListViewController.swift */,
			);
			path = Controller;
			sourceTree = "<group>";
		};
		EA6487C31CE4E56300452DD0 /* View */ = {
			isa = PBXGroup;
			children = (
				EA6487C11CE4E55500452DD0 /* SignInView.swift */,
			);
			name = View;
			path = SignIn/View;
			sourceTree = "<group>";
		};
		EA6487C91CE5134000452DD0 /* Controller */ = {
			isa = PBXGroup;
			children = (
				EA64879D1CE3569700452DD0 /* DetailViewController.swift */,
				EA64879E1CE3569700452DD0 /* DetailViewController.xib */,
				EADA5A761CE8AE9700C2FAE8 /* CastDataProvider.swift */,
				EADA5AA51CEA664300C2FAE8 /* SimilarMoviesDataProvider.swift */,
			);
			path = Controller;
			sourceTree = "<group>";
		};
		EA6487CA1CE5162200452DD0 /* Base */ = {
			isa = PBXGroup;
			children = (
				EA6487DA1CE5209400452DD0 /* Protocol */,
				EA6487E71CE5B51200452DD0 /* Controller */,
				EADA5AA31CEA60C000C2FAE8 /* View */,
			);
			path = Base;
			sourceTree = "<group>";
		};
		EA6487D01CE5173D00452DD0 /* Controller */ = {
			isa = PBXGroup;
			children = (
				EA6487AF1CE4AB2900452DD0 /* VideoViewController.swift */,
				EA6487B01CE4AB2900452DD0 /* VideoViewController.xib */,
			);
			name = Controller;
			path = Video/Controller;
			sourceTree = "<group>";
		};
		EA6487D11CE5174500452DD0 /* Controller */ = {
			isa = PBXGroup;
			children = (
				EA6487BD1CE4E50100452DD0 /* SignInViewController.swift */,
				EA6487BE1CE4E50100452DD0 /* SignInViewController.xib */,
			);
			name = Controller;
			path = SignIn/Controller;
			sourceTree = "<group>";
		};
		EA6487D31CE5175600452DD0 /* Controller */ = {
			isa = PBXGroup;
			children = (
				EADA5A941CEA309800C2FAE8 /* MenuViewController.swift */,
				EADA5A951CEA309800C2FAE8 /* MenuViewController.xib */,
			);
			name = Controller;
			path = Menu/Controller;
			sourceTree = "<group>";
		};
		EA6487DA1CE5209400452DD0 /* Protocol */ = {
			isa = PBXGroup;
			children = (
				EA6487CB1CE5163100452DD0 /* ProgressHUDPresentable.swift */,
				EA6487CD1CE5166A00452DD0 /* BannerPresentable.swift */,
				EA6487D61CE51BF800452DD0 /* InternetErrorHandleable.swift */,
				EA6487D81CE51F8000452DD0 /* AuthorizationErrorHandleable.swift */,
				111943311CCB8FCE001CF39B /* MenuButtonPresentable.swift */,
				111942D21CCB8E47001CF39B /* PullToRefreshable.swift */,
			);
			name = Protocol;
			path = Protocols;
			sourceTree = "<group>";
		};
		EA6487DE1CE5A4A100452DD0 /* Controller */ = {
			isa = PBXGroup;
			children = (
				EA6487C41CE503BD00452DD0 /* ReviewViewController.swift */,
				EADA5A801CE9AA2200C2FAE8 /* ReviewDataProvider.swift */,
			);
			path = Controller;
			sourceTree = "<group>";
		};
		EA6487E41CE5A5DE00452DD0 /* Review Cell */ = {
			isa = PBXGroup;
			children = (
				EA6487E01CE5A4E300452DD0 /* ReviewTableViewCell.swift */,
				EA6487E11CE5A4E300452DD0 /* ReviewTableViewCell.xib */,
			);
			path = "Review Cell";
			sourceTree = "<group>";
		};
		EA6487E71CE5B51200452DD0 /* Controller */ = {
			isa = PBXGroup;
			children = (
				EA6487E51CE5B50D00452DD0 /* BaseViewController.swift */,
				EA64876F1CE21E2300452DD0 /* ListViewController.swift */,
				EA6487701CE21E2300452DD0 /* ListViewController.xib */,
			);
			path = Controller;
			sourceTree = "<group>";
		};
		EA782B771CE079E800DC38AD /* Data manager */ = {
			isa = PBXGroup;
			children = (
				EA6487B31CE4AE0A00452DD0 /* TMDbDataManagerNotifications.swift */,
				EA782B921CE1D28800DC38AD /* TMDbSessionManager.swift */,
				EA782B7C1CE0B5F100DC38AD /* TMDbSignInManager.swift */,
				EA6487671CE1E65700452DD0 /* TMDbUserManager.swift */,
				EA782B7A1CE097B500DC38AD /* TMDbTopListManager.swift */,
				EA782B821CE0C54A00DC38AD /* TMDbMovieSearchManager.swift */,
				EA6487B51CE4AF0D00452DD0 /* TMDbMovieInfoManager.swift */,
				EA782B7E1CE0C50000DC38AD /* TMDbAccountListManager.swift */,
				EA782B861CE0CA4500DC38AD /* TMDbReviewManager.swift */,
				EA01FB011CEEFEEC007C9992 /* Caching.swift */,
			);
			name = "Data manager";
			path = TMDbDataManager;
			sourceTree = "<group>";
		};
		EA782B951CE1E52600DC38AD /* Store */ = {
			isa = PBXGroup;
			children = (
				EAE605C71CEA72C500D904EB /* TMDbSessionInfoStore.swift */,
			);
			path = Store;
			sourceTree = "<group>";
		};
		EAA862091CEDE1DC00C76D4D /* Base */ = {
			isa = PBXGroup;
			children = (
				EAA8620B1CEDE20C00C76D4D /* Controller */,
				EAA8620A1CEDE1FA00C76D4D /* Cell */,
			);
			name = Base;
			sourceTree = "<group>";
		};
		EAA8620A1CEDE1FA00C76D4D /* Cell */ = {
			isa = PBXGroup;
			children = (
				111942AD1CCB8DE5001CF39B /* DiscoverListCell.swift */,
				111942AE1CCB8DE5001CF39B /* DiscoverListCell.xib */,
			);
			name = Cell;
			sourceTree = "<group>";
		};
		EAA8620B1CEDE20C00C76D4D /* Controller */ = {
			isa = PBXGroup;
			children = (
				EAA862071CEDDD7500C76D4D /* DiscoverListViewController.swift */,
				EAD2A8411CDCDF100005264B /* DiscoverDataProvider.swift */,
			);
			name = Controller;
			sourceTree = "<group>";
		};
		EAD2A8211CDC9D000005264B /* Scene */ = {
			isa = PBXGroup;
			children = (
				EA6487CA1CE5162200452DD0 /* Base */,
				EAD2A8341CDC9EF30005264B /* Menu */,
				EAD2A8331CDC9EEB0005264B /* Sign in */,
				EADA5AA41CEA64CB00C2FAE8 /* Discover */,
				EAD2A82F1CDC9E910005264B /* AccountList */,
				EAD2A8301CDC9EAF0005264B /* Detail Movie */,
				EAD2A8311CDC9ECC0005264B /* Video */,
				EAD2A8321CDC9EDE0005264B /* Review */,
			);
			path = Scene;
			sourceTree = "<group>";
		};
		EAD2A82D1CDC9E650005264B /* TopList */ = {
			isa = PBXGroup;
			children = (
				EA6487A61CE3CB6B00452DD0 /* Controller */,
			);
			name = TopList;
			path = Discover/TopList;
			sourceTree = "<group>";
		};
		EAD2A82E1CDC9E7F0005264B /* Search */ = {
			isa = PBXGroup;
			children = (
				EAD2A8641CDDE82F0005264B /* Controller */,
			);
			name = Search;
			path = Discover/Search;
			sourceTree = "<group>";
		};
		EAD2A82F1CDC9E910005264B /* AccountList */ = {
			isa = PBXGroup;
			children = (
			);
			path = AccountList;
			sourceTree = "<group>";
		};
		EAD2A8301CDC9EAF0005264B /* Detail Movie */ = {
			isa = PBXGroup;
			children = (
				EA6487C91CE5134000452DD0 /* Controller */,
				EADA5A741CE8AE2400C2FAE8 /* DetailView */,
				EADA5A751CE8AE3100C2FAE8 /* GradientView */,
				EADA5A8A1CEA0D2A00C2FAE8 /* ColletionView */,
				EADA5A731CE8ADFF00C2FAE8 /* CollectionViewCell */,
				EADA5A8B1CEA0D3E00C2FAE8 /* Buttons */,
			);
			path = "Detail Movie";
			sourceTree = "<group>";
		};
		EAD2A8311CDC9ECC0005264B /* Video */ = {
			isa = PBXGroup;
			children = (
				EA6487D01CE5173D00452DD0 /* Controller */,
			);
			name = Video;
			sourceTree = "<group>";
		};
		EAD2A8321CDC9EDE0005264B /* Review */ = {
			isa = PBXGroup;
			children = (
				EA6487DE1CE5A4A100452DD0 /* Controller */,
				EA6487E41CE5A5DE00452DD0 /* Review Cell */,
			);
			path = Review;
			sourceTree = "<group>";
		};
		EAD2A8331CDC9EEB0005264B /* Sign in */ = {
			isa = PBXGroup;
			children = (
				EA6487D11CE5174500452DD0 /* Controller */,
				EA6487C31CE4E56300452DD0 /* View */,
			);
			name = "Sign in";
			sourceTree = "<group>";
		};
		EAD2A8341CDC9EF30005264B /* Menu */ = {
			isa = PBXGroup;
			children = (
				EA6487D31CE5175600452DD0 /* Controller */,
				EADA5A991CEA30F700C2FAE8 /* Menu View */,
				EADA5AA21CEA531800C2FAE8 /* Menu HeaderView */,
				EADA5A981CEA30E600C2FAE8 /* Menu Cell */,
			);
			name = Menu;
			sourceTree = "<group>";
		};
		EAD2A8641CDDE82F0005264B /* Controller */ = {
			isa = PBXGroup;
			children = (
				EA6487A71CE3CBCA00452DD0 /* SearchViewController.swift */,
				111942DD1CCB8E74001CF39B /* SearchViewConfftroller.swift */,
			);
			path = Controller;
			sourceTree = "<group>";
		};
		EADA5A731CE8ADFF00C2FAE8 /* CollectionViewCell */ = {
			isa = PBXGroup;
			children = (
				EADA5A6F1CE8AD9A00C2FAE8 /* PersonCollectionViewCell.swift */,
				EADA5A701CE8AD9A00C2FAE8 /* PersonCollectionViewCell.xib */,
				EADA5A781CE8B44600C2FAE8 /* MovieCollectionViewCell.swift */,
				EADA5A791CE8B44600C2FAE8 /* MovieCollectionViewCell.xib */,
			);
			name = CollectionViewCell;
			path = "Collection View Cell";
			sourceTree = "<group>";
		};
		EADA5A741CE8AE2400C2FAE8 /* DetailView */ = {
			isa = PBXGroup;
			children = (
				EA6487A11CE356C300452DD0 /* DetailView.swift */,
			);
			name = DetailView;
			path = "Detail view";
			sourceTree = "<group>";
		};
		EADA5A751CE8AE3100C2FAE8 /* GradientView */ = {
			isa = PBXGroup;
			children = (
				EA6487F11CE5DFEE00452DD0 /* GradientView.swift */,
			);
			name = GradientView;
			path = "Gradient View";
			sourceTree = "<group>";
		};
		EADA5A8A1CEA0D2A00C2FAE8 /* ColletionView */ = {
			isa = PBXGroup;
			children = (
				EADA5A7E1CE8D00B00C2FAE8 /* DetailFlowLayout.swift */,
			);
			name = ColletionView;
			path = "Collection View";
			sourceTree = "<group>";
		};
		EADA5A8B1CEA0D3E00C2FAE8 /* Buttons */ = {
			isa = PBXGroup;
			children = (
				EAA8620E1CEE582800C76D4D /* AnimatedShapeButton.swift */,
				EAA862051CEDBDE300C76D4D /* FavouriteButton.swift */,
				EAA8620C1CEE41C300C76D4D /* WatchListButton.swift */,
			);
			path = Buttons;
			sourceTree = "<group>";
		};
		EADA5A981CEA30E600C2FAE8 /* Menu Cell */ = {
			isa = PBXGroup;
			children = (
				EADA5A901CEA290500C2FAE8 /* MenuTableViewCell.swift */,
				EADA5A911CEA290500C2FAE8 /* MenuTableViewCell.xib */,
			);
			name = "Menu Cell";
			path = "Menu/Menu Cell";
			sourceTree = "<group>";
		};
		EADA5A991CEA30F700C2FAE8 /* Menu View */ = {
			isa = PBXGroup;
			children = (
				EADA5A9C1CEA3C8400C2FAE8 /* MenuTableView.swift */,
			);
			name = "Menu View";
			path = "Menu/Menu view";
			sourceTree = "<group>";
		};
		EADA5AA21CEA531800C2FAE8 /* Menu HeaderView */ = {
			isa = PBXGroup;
			children = (
				EADA5AA01CEA3E1000C2FAE8 /* MenuHeaderView.swift */,
				EADA5A9E1CEA3E0400C2FAE8 /* MenuHeaderView.xib */,
			);
			name = "Menu HeaderView";
			path = "Menu/Menu Header View";
			sourceTree = "<group>";
		};
		EADA5AA31CEA60C000C2FAE8 /* View */ = {
			isa = PBXGroup;
			children = (
				EAD2A83D1CDCBAEB0005264B /* BaseTableView.swift */,
			);
			path = View;
			sourceTree = "<group>";
		};
		EADA5AA41CEA64CB00C2FAE8 /* Discover */ = {
			isa = PBXGroup;
			children = (
				EAA862091CEDE1DC00C76D4D /* Base */,
				EAD2A82D1CDC9E650005264B /* TopList */,
				EAD2A82E1CDC9E7F0005264B /* Search */,
			);
			name = Discover;
			sourceTree = "<group>";
		};
/* End PBXGroup section */

/* Begin PBXHeadersBuildPhase section */
		111942611CCB8CBE001CF39B /* Headers */ = {
			isa = PBXHeadersBuildPhase;
			buildActionMask = 2147483647;
			files = (
				111942671CCB8CBE001CF39B /* TMDbMovieKit.h in Headers */,
			);
			runOnlyForDeploymentPostprocessing = 0;
		};
/* End PBXHeadersBuildPhase section */

/* Begin PBXNativeTarget section */
		1119423B1CCB8CA0001CF39B /* DiscoverMovies */ = {
			isa = PBXNativeTarget;
			buildConfigurationList = 111942591CCB8CA0001CF39B /* Build configuration list for PBXNativeTarget "DiscoverMovies" */;
			buildPhases = (
				8E6E26515D5D01A43E280262 /* 📦 Check Pods Manifest.lock */,
				111942381CCB8CA0001CF39B /* Sources */,
				1119427E1CCB8CBF001CF39B /* Embed Frameworks */,
				111942391CCB8CA0001CF39B /* Frameworks */,
				1119423A1CCB8CA0001CF39B /* Resources */,
				6394D5828C35A9A2BD65A125 /* 📦 Embed Pods Frameworks */,
				E367127EFCDFAF64FDA14C78 /* 📦 Copy Pods Resources */,
			);
			buildRules = (
			);
			dependencies = (
				111942781CCB8CBF001CF39B /* PBXTargetDependency */,
			);
			name = DiscoverMovies;
			productName = DiscoverMovies;
			productReference = 1119423C1CCB8CA0001CF39B /* DiscoverMovies.app */;
			productType = "com.apple.product-type.application";
		};
		1119424F1CCB8CA0001CF39B /* DiscoverMoviesTests */ = {
			isa = PBXNativeTarget;
			buildConfigurationList = 1119425C1CCB8CA0001CF39B /* Build configuration list for PBXNativeTarget "DiscoverMoviesTests" */;
			buildPhases = (
				1119424C1CCB8CA0001CF39B /* Sources */,
				1119424D1CCB8CA0001CF39B /* Frameworks */,
				1119424E1CCB8CA0001CF39B /* Resources */,
			);
			buildRules = (
			);
			dependencies = (
				111942521CCB8CA0001CF39B /* PBXTargetDependency */,
			);
			name = DiscoverMoviesTests;
			productName = DiscoverMoviesTests;
			productReference = 111942501CCB8CA0001CF39B /* DiscoverMoviesTests.xctest */;
			productType = "com.apple.product-type.bundle.unit-test";
		};
		111942631CCB8CBE001CF39B /* TMDbMovieKit */ = {
			isa = PBXNativeTarget;
			buildConfigurationList = 1119427B1CCB8CBF001CF39B /* Build configuration list for PBXNativeTarget "TMDbMovieKit" */;
			buildPhases = (
				93293D7600A80600AB495E69 /* 📦 Check Pods Manifest.lock */,
				1119425F1CCB8CBE001CF39B /* Sources */,
				111942601CCB8CBE001CF39B /* Frameworks */,
				111942611CCB8CBE001CF39B /* Headers */,
				111942621CCB8CBE001CF39B /* Resources */,
				70032179E00AD0EB27A4724E /* 📦 Copy Pods Resources */,
			);
			buildRules = (
			);
			dependencies = (
			);
			name = TMDbMovieKit;
			productName = TMDbMovieKit;
			productReference = 111942641CCB8CBE001CF39B /* TMDbMovieKit.framework */;
			productType = "com.apple.product-type.framework";
		};
		1119426C1CCB8CBF001CF39B /* TMDbMovieKitTests */ = {
			isa = PBXNativeTarget;
			buildConfigurationList = 1119427F1CCB8CBF001CF39B /* Build configuration list for PBXNativeTarget "TMDbMovieKitTests" */;
			buildPhases = (
				111942691CCB8CBF001CF39B /* Sources */,
				1119426A1CCB8CBF001CF39B /* Frameworks */,
				1119426B1CCB8CBF001CF39B /* Resources */,
			);
			buildRules = (
			);
			dependencies = (
				111942701CCB8CBF001CF39B /* PBXTargetDependency */,
				111942721CCB8CBF001CF39B /* PBXTargetDependency */,
			);
			name = TMDbMovieKitTests;
			productName = TMDbMovieKitTests;
			productReference = 1119426D1CCB8CBF001CF39B /* TMDbMovieKitTests.xctest */;
			productType = "com.apple.product-type.bundle.unit-test";
		};
/* End PBXNativeTarget section */

/* Begin PBXProject section */
		111942341CCB8CA0001CF39B /* Project object */ = {
			isa = PBXProject;
			attributes = {
				LastSwiftUpdateCheck = 0730;
				LastUpgradeCheck = 0730;
				ORGANIZATIONNAME = "Kaira Diagne";
				TargetAttributes = {
					1119423B1CCB8CA0001CF39B = {
						CreatedOnToolsVersion = 7.3;
						DevelopmentTeam = S4F83VS4FR;
					};
					1119424F1CCB8CA0001CF39B = {
						CreatedOnToolsVersion = 7.3;
						DevelopmentTeam = S4F83VS4FR;
						TestTargetID = 1119423B1CCB8CA0001CF39B;
					};
					111942631CCB8CBE001CF39B = {
						CreatedOnToolsVersion = 7.3;
						DevelopmentTeam = F7QZZ88EN3;
					};
					1119426C1CCB8CBF001CF39B = {
						CreatedOnToolsVersion = 7.3;
						DevelopmentTeam = S4F83VS4FR;
						TestTargetID = 1119423B1CCB8CA0001CF39B;
					};
				};
			};
			buildConfigurationList = 111942371CCB8CA0001CF39B /* Build configuration list for PBXProject "DiscoverMovies" */;
			compatibilityVersion = "Xcode 3.2";
			developmentRegion = English;
			hasScannedForEncodings = 0;
			knownRegions = (
				en,
				Base,
			);
			mainGroup = 111942331CCB8CA0001CF39B;
			productRefGroup = 1119423D1CCB8CA0001CF39B /* Products */;
			projectDirPath = "";
			projectRoot = "";
			targets = (
				1119423B1CCB8CA0001CF39B /* DiscoverMovies */,
				1119424F1CCB8CA0001CF39B /* DiscoverMoviesTests */,
				111942631CCB8CBE001CF39B /* TMDbMovieKit */,
				1119426C1CCB8CBF001CF39B /* TMDbMovieKitTests */,
			);
		};
/* End PBXProject section */

/* Begin PBXResourcesBuildPhase section */
		1119423A1CCB8CA0001CF39B /* Resources */ = {
			isa = PBXResourcesBuildPhase;
			buildActionMask = 2147483647;
			files = (
				EA6487A01CE3569700452DD0 /* DetailViewController.xib in Resources */,
				EA6487721CE21E2300452DD0 /* ListViewController.xib in Resources */,
				111942BB1CCB8DE5001CF39B /* DiscoverListCell.xib in Resources */,
				111942EF1CCB8EAE001CF39B /* Menu.storyboard in Resources */,
				111942EE1CCB8EAE001CF39B /* LaunchScreen.storyboard in Resources */,
				EADA5A9F1CEA3E0400C2FAE8 /* MenuHeaderView.xib in Resources */,
				EADA5A971CEA309800C2FAE8 /* MenuViewController.xib in Resources */,
				111942B91CCB8DE5001CF39B /* ListTableViewCell.xib in Resources */,
				EA6487C01CE4E50100452DD0 /* SignInViewController.xib in Resources */,
				EADA5A721CE8AD9A00C2FAE8 /* PersonCollectionViewCell.xib in Resources */,
				EADA5A931CEA290500C2FAE8 /* MenuTableViewCell.xib in Resources */,
				EA6487E31CE5A4E300452DD0 /* ReviewTableViewCell.xib in Resources */,
				111942471CCB8CA0001CF39B /* Assets.xcassets in Resources */,
				EA6487B21CE4AB2900452DD0 /* VideoViewController.xib in Resources */,
				EADA5A7B1CE8B44600C2FAE8 /* MovieCollectionViewCell.xib in Resources */,
			);
			runOnlyForDeploymentPostprocessing = 0;
		};
		1119424E1CCB8CA0001CF39B /* Resources */ = {
			isa = PBXResourcesBuildPhase;
			buildActionMask = 2147483647;
			files = (
			);
			runOnlyForDeploymentPostprocessing = 0;
		};
		111942621CCB8CBE001CF39B /* Resources */ = {
			isa = PBXResourcesBuildPhase;
			buildActionMask = 2147483647;
			files = (
			);
			runOnlyForDeploymentPostprocessing = 0;
		};
		1119426B1CCB8CBF001CF39B /* Resources */ = {
			isa = PBXResourcesBuildPhase;
			buildActionMask = 2147483647;
			files = (
			);
			runOnlyForDeploymentPostprocessing = 0;
		};
/* End PBXResourcesBuildPhase section */

/* Begin PBXShellScriptBuildPhase section */
		6394D5828C35A9A2BD65A125 /* 📦 Embed Pods Frameworks */ = {
			isa = PBXShellScriptBuildPhase;
			buildActionMask = 2147483647;
			files = (
			);
			inputPaths = (
			);
			name = "📦 Embed Pods Frameworks";
			outputPaths = (
			);
			runOnlyForDeploymentPostprocessing = 0;
			shellPath = /bin/sh;
			shellScript = "\"${SRCROOT}/Pods/Target Support Files/Pods-Networking-DiscoverMovies/Pods-Networking-DiscoverMovies-frameworks.sh\"\n";
			showEnvVarsInLog = 0;
		};
		70032179E00AD0EB27A4724E /* 📦 Copy Pods Resources */ = {
			isa = PBXShellScriptBuildPhase;
			buildActionMask = 2147483647;
			files = (
			);
			inputPaths = (
			);
			name = "📦 Copy Pods Resources";
			outputPaths = (
			);
			runOnlyForDeploymentPostprocessing = 0;
			shellPath = /bin/sh;
			shellScript = "\"${SRCROOT}/Pods/Target Support Files/Pods-Networking-TMDbMovieKit/Pods-Networking-TMDbMovieKit-resources.sh\"\n";
			showEnvVarsInLog = 0;
		};
		8E6E26515D5D01A43E280262 /* 📦 Check Pods Manifest.lock */ = {
			isa = PBXShellScriptBuildPhase;
			buildActionMask = 2147483647;
			files = (
			);
			inputPaths = (
			);
			name = "📦 Check Pods Manifest.lock";
			outputPaths = (
			);
			runOnlyForDeploymentPostprocessing = 0;
			shellPath = /bin/sh;
			shellScript = "diff \"${PODS_ROOT}/../Podfile.lock\" \"${PODS_ROOT}/Manifest.lock\" > /dev/null\nif [[ $? != 0 ]] ; then\n    cat << EOM\nerror: The sandbox is not in sync with the Podfile.lock. Run 'pod install' or update your CocoaPods installation.\nEOM\n    exit 1\nfi\n";
			showEnvVarsInLog = 0;
		};
		93293D7600A80600AB495E69 /* 📦 Check Pods Manifest.lock */ = {
			isa = PBXShellScriptBuildPhase;
			buildActionMask = 2147483647;
			files = (
			);
			inputPaths = (
			);
			name = "📦 Check Pods Manifest.lock";
			outputPaths = (
			);
			runOnlyForDeploymentPostprocessing = 0;
			shellPath = /bin/sh;
			shellScript = "diff \"${PODS_ROOT}/../Podfile.lock\" \"${PODS_ROOT}/Manifest.lock\" > /dev/null\nif [[ $? != 0 ]] ; then\n    cat << EOM\nerror: The sandbox is not in sync with the Podfile.lock. Run 'pod install' or update your CocoaPods installation.\nEOM\n    exit 1\nfi\n";
			showEnvVarsInLog = 0;
		};
		E367127EFCDFAF64FDA14C78 /* 📦 Copy Pods Resources */ = {
			isa = PBXShellScriptBuildPhase;
			buildActionMask = 2147483647;
			files = (
			);
			inputPaths = (
			);
			name = "📦 Copy Pods Resources";
			outputPaths = (
			);
			runOnlyForDeploymentPostprocessing = 0;
			shellPath = /bin/sh;
			shellScript = "\"${SRCROOT}/Pods/Target Support Files/Pods-Networking-DiscoverMovies/Pods-Networking-DiscoverMovies-resources.sh\"\n";
			showEnvVarsInLog = 0;
		};
/* End PBXShellScriptBuildPhase section */

/* Begin PBXSourcesBuildPhase section */
		111942381CCB8CA0001CF39B /* Sources */ = {
			isa = PBXSourcesBuildPhase;
			buildActionMask = 2147483647;
			files = (
				EAA8620F1CEE582800C76D4D /* AnimatedShapeButton.swift in Sources */,
				EA6487A81CE3CBCA00452DD0 /* SearchViewController.swift in Sources */,
				111942B31CCB8DE5001CF39B /* BackgroundView.swift in Sources */,
				EADA5A921CEA290500C2FAE8 /* MenuTableViewCell.swift in Sources */,
				EADA5A7F1CE8D00B00C2FAE8 /* DetailFlowLayout.swift in Sources */,
				EADA5AA11CEA3E1000C2FAE8 /* MenuHeaderView.swift in Sources */,
				EA6487D71CE51BF800452DD0 /* InternetErrorHandleable.swift in Sources */,
				EADA5A7A1CE8B44600C2FAE8 /* MovieCollectionViewCell.swift in Sources */,
				EA6487E61CE5B50D00452DD0 /* BaseViewController.swift in Sources */,
				EADA5A711CE8AD9A00C2FAE8 /* PersonCollectionViewCell.swift in Sources */,
				111942BA1CCB8DE5001CF39B /* DiscoverListCell.swift in Sources */,
				EA6487C21CE4E55500452DD0 /* SignInView.swift in Sources */,
				EADA5AA61CEA664300C2FAE8 /* SimilarMoviesDataProvider.swift in Sources */,
				111943321CCB8FCE001CF39B /* MenuButtonPresentable.swift in Sources */,
				EADA5AA81CEA6B3700C2FAE8 /* FontStack.swift in Sources */,
				1119428B1CCB8DBF001CF39B /* AppDelegate.swift in Sources */,
				111942D61CCB8E47001CF39B /* PullToRefreshable.swift in Sources */,
				EA6487CE1CE5166A00452DD0 /* BannerPresentable.swift in Sources */,
				1119429A1CCB8DD4001CF39B /* IQDropDownTextField+Configure.swift in Sources */,
				111942B41CCB8DE5001CF39B /* CustomButton.swift in Sources */,
				EAD2A8401CDCC7820005264B /* TopListViewController.swift in Sources */,
				111942B81CCB8DE5001CF39B /* ListTableViewCell.swift in Sources */,
				EA6487B11CE4AB2900452DD0 /* VideoViewController.swift in Sources */,
				EA6487C61CE503BD00452DD0 /* ReviewViewController.swift in Sources */,
				111942A31CCB8DD4001CF39B /* UINavigationController+StatusBarStyle.swift in Sources */,
				EA6487CC1CE5163100452DD0 /* ProgressHUDPresentable.swift in Sources */,
				EADA5A9D1CEA3C8400C2FAE8 /* MenuTableView.swift in Sources */,
				EA6487F21CE5DFEE00452DD0 /* GradientView.swift in Sources */,
				111942E01CCB8E74001CF39B /* SearchViewConfftroller.swift in Sources */,
				EADA5A811CE9AA2200C2FAE8 /* ReviewDataProvider.swift in Sources */,
				EADA5A961CEA309800C2FAE8 /* MenuViewController.swift in Sources */,
				EADA5A771CE8AE9700C2FAE8 /* CastDataProvider.swift in Sources */,
				EA6487D91CE51F8000452DD0 /* AuthorizationErrorHandleable.swift in Sources */,
				111942F21CCB8EB8001CF39B /* Theme.swift in Sources */,
				1119429B1CCB8DD4001CF39B /* MBProgressHUD+Configure.swift in Sources */,
				EA6487E21CE5A4E300452DD0 /* ReviewTableViewCell.swift in Sources */,
				EADA5AAA1CEA6B6A00C2FAE8 /* Colors.swift in Sources */,
				EAA8620D1CEE41C300C76D4D /* WatchListButton.swift in Sources */,
				EAD2A83E1CDCBAEB0005264B /* BaseTableView.swift in Sources */,
				111942A21CCB8DD4001CF39B /* UINavigationBar+Transparent.swift in Sources */,
				EA6487711CE21E2300452DD0 /* ListViewController.swift in Sources */,
				EAA862081CEDDD7500C76D4D /* DiscoverListViewController.swift in Sources */,
				EA6487A21CE356C300452DD0 /* DetailView.swift in Sources */,
				111942A11CCB8DD4001CF39B /* UIImage+Placeholder.swift in Sources */,
				1119429E1CCB8DD4001CF39B /* NSDate+Year.swift in Sources */,
				113946321CCBBA80001CFAEA /* NSDate+ToString.swift in Sources */,
				EA64879F1CE3569700452DD0 /* DetailViewController.swift in Sources */,
				EAA862061CEDBDE300C76D4D /* FavouriteButton.swift in Sources */,
				EAD2A8421CDCDF100005264B /* DiscoverDataProvider.swift in Sources */,
				EA6487BF1CE4E50100452DD0 /* SignInViewController.swift in Sources */,
				111942A51CCB8DD4001CF39B /* UIViewController+Alert.swift in Sources */,
				EA6487F41CE61E1700452DD0 /* UIWebImage+CachedImage.swift in Sources */,
			);
			runOnlyForDeploymentPostprocessing = 0;
		};
		1119424C1CCB8CA0001CF39B /* Sources */ = {
			isa = PBXSourcesBuildPhase;
			buildActionMask = 2147483647;
			files = (
				111942551CCB8CA0001CF39B /* DiscoverMoviesTests.swift in Sources */,
			);
			runOnlyForDeploymentPostprocessing = 0;
		};
		1119425F1CCB8CBE001CF39B /* Sources */ = {
			isa = PBXSourcesBuildPhase;
			buildActionMask = 2147483647;
			files = (
				111943121CCB8EF6001CF39B /* TMDbMovieRouter.swift in Sources */,
				EA6487B61CE4AF0D00452DD0 /* TMDbMovieInfoManager.swift in Sources */,
				EA782B7B1CE097B500DC38AD /* TMDbTopListManager.swift in Sources */,
				111943081CCB8EE4001CF39B /* TMDbReview.swift in Sources */,
				111943051CCB8EE4001CF39B /* TMDbMovie.swift in Sources */,
				EA6487B81CE4BC9D00452DD0 /* TMDbMovieCredit.swift in Sources */,
				111942F61CCB8EDE001CF39B /* AlamofireRequest+JSONSerializable.swift in Sources */,
				1119430C1CCB8EEB001CF39B /* String+ToNSDate.swift in Sources */,
				EA782B7F1CE0C50000DC38AD /* TMDbAccountListManager.swift in Sources */,
				111943141CCB8EF6001CF39B /* TMDbSignInRouter.swift in Sources */,
				EA6487B41CE4AE0A00452DD0 /* TMDbDataManagerNotifications.swift in Sources */,
				EA782B8F1CE0E26C00DC38AD /* TMDbListHolder.swift in Sources */,
				EA6487681CE1E65700452DD0 /* TMDbUserManager.swift in Sources */,
				EA782B831CE0C54A00DC38AD /* TMDbMovieSearchManager.swift in Sources */,
				1119430A1CCB8EE4001CF39B /* TMDbVideo.swift in Sources */,
				EA782B931CE1D28800DC38AD /* TMDbSessionManager.swift in Sources */,
				1119431D1CCB8EFC001CF39B /* TMDbMovieService.swift in Sources */,
				111943071CCB8EE4001CF39B /* TMDbPerson.swift in Sources */,
				111942F71CCB8EDE001CF39B /* Constants.swift in Sources */,
				1119431F1CCB8EFC001CF39B /* TMDbSignInService.swift in Sources */,
				EA782B7D1CE0B5F100DC38AD /* TMDbSignInManager.swift in Sources */,
				EA01FB021CEEFEEC007C9992 /* Caching.swift in Sources */,
				EA782B8B1CE0D63C00DC38AD /* TMDbUserService.swift in Sources */,
				111942F81CCB8EDE001CF39B /* ResponseJSONObjectSerializable.swift in Sources */,
				EA782B871CE0CA4500DC38AD /* TMDbReviewManager.swift in Sources */,
				EAE605C81CEA72C500D904EB /* TMDbSessionInfoStore.swift in Sources */,
				EADA5A6C1CE8A53700C2FAE8 /* TMDbCastMember.swift in Sources */,
				111943091CCB8EE4001CF39B /* TMDbUser.swift in Sources */,
				111943041CCB8EE4001CF39B /* TMDbGenres.swift in Sources */,
				111943131CCB8EF6001CF39B /* TMDbPeopleRouter.swift in Sources */,
				111943111CCB8EF6001CF39B /* TMDbImageRouter.swift in Sources */,
				EADA5A6E1CE8A54200C2FAE8 /* TMDbCrewMember.swift in Sources */,
			);
			runOnlyForDeploymentPostprocessing = 0;
		};
		111942691CCB8CBF001CF39B /* Sources */ = {
			isa = PBXSourcesBuildPhase;
			buildActionMask = 2147483647;
			files = (
				111942751CCB8CBF001CF39B /* TMDbMovieKitTests.swift in Sources */,
			);
			runOnlyForDeploymentPostprocessing = 0;
		};
/* End PBXSourcesBuildPhase section */

/* Begin PBXTargetDependency section */
		111942521CCB8CA0001CF39B /* PBXTargetDependency */ = {
			isa = PBXTargetDependency;
			target = 1119423B1CCB8CA0001CF39B /* DiscoverMovies */;
			targetProxy = 111942511CCB8CA0001CF39B /* PBXContainerItemProxy */;
		};
		111942701CCB8CBF001CF39B /* PBXTargetDependency */ = {
			isa = PBXTargetDependency;
			target = 111942631CCB8CBE001CF39B /* TMDbMovieKit */;
			targetProxy = 1119426F1CCB8CBF001CF39B /* PBXContainerItemProxy */;
		};
		111942721CCB8CBF001CF39B /* PBXTargetDependency */ = {
			isa = PBXTargetDependency;
			target = 1119423B1CCB8CA0001CF39B /* DiscoverMovies */;
			targetProxy = 111942711CCB8CBF001CF39B /* PBXContainerItemProxy */;
		};
		111942781CCB8CBF001CF39B /* PBXTargetDependency */ = {
			isa = PBXTargetDependency;
			target = 111942631CCB8CBE001CF39B /* TMDbMovieKit */;
			targetProxy = 111942771CCB8CBF001CF39B /* PBXContainerItemProxy */;
		};
/* End PBXTargetDependency section */

/* Begin XCBuildConfiguration section */
		111942571CCB8CA0001CF39B /* Debug */ = {
			isa = XCBuildConfiguration;
			buildSettings = {
				ALWAYS_SEARCH_USER_PATHS = NO;
				CLANG_ANALYZER_NONNULL = YES;
				CLANG_CXX_LANGUAGE_STANDARD = "gnu++0x";
				CLANG_CXX_LIBRARY = "libc++";
				CLANG_ENABLE_MODULES = YES;
				CLANG_ENABLE_OBJC_ARC = YES;
				CLANG_WARN_BOOL_CONVERSION = YES;
				CLANG_WARN_CONSTANT_CONVERSION = YES;
				CLANG_WARN_DIRECT_OBJC_ISA_USAGE = YES_ERROR;
				CLANG_WARN_EMPTY_BODY = YES;
				CLANG_WARN_ENUM_CONVERSION = YES;
				CLANG_WARN_INT_CONVERSION = YES;
				CLANG_WARN_OBJC_ROOT_CLASS = YES_ERROR;
				CLANG_WARN_UNREACHABLE_CODE = YES;
				CLANG_WARN__DUPLICATE_METHOD_MATCH = YES;
				"CODE_SIGN_IDENTITY[sdk=iphoneos*]" = "iPhone Developer";
				COPY_PHASE_STRIP = NO;
				DEBUG_INFORMATION_FORMAT = dwarf;
				ENABLE_STRICT_OBJC_MSGSEND = YES;
				ENABLE_TESTABILITY = YES;
				GCC_C_LANGUAGE_STANDARD = gnu99;
				GCC_DYNAMIC_NO_PIC = NO;
				GCC_NO_COMMON_BLOCKS = YES;
				GCC_OPTIMIZATION_LEVEL = 0;
				GCC_PREPROCESSOR_DEFINITIONS = (
					"DEBUG=1",
					"$(inherited)",
				);
				GCC_WARN_64_TO_32_BIT_CONVERSION = YES;
				GCC_WARN_ABOUT_RETURN_TYPE = YES_ERROR;
				GCC_WARN_UNDECLARED_SELECTOR = YES;
				GCC_WARN_UNINITIALIZED_AUTOS = YES_AGGRESSIVE;
				GCC_WARN_UNUSED_FUNCTION = YES;
				GCC_WARN_UNUSED_VARIABLE = YES;
				IPHONEOS_DEPLOYMENT_TARGET = 9.3;
				MTL_ENABLE_DEBUG_INFO = YES;
				ONLY_ACTIVE_ARCH = YES;
				SDKROOT = iphoneos;
				SWIFT_OPTIMIZATION_LEVEL = "-Onone";
				TARGETED_DEVICE_FAMILY = "1,2";
			};
			name = Debug;
		};
		111942581CCB8CA0001CF39B /* Release */ = {
			isa = XCBuildConfiguration;
			buildSettings = {
				ALWAYS_SEARCH_USER_PATHS = NO;
				CLANG_ANALYZER_NONNULL = YES;
				CLANG_CXX_LANGUAGE_STANDARD = "gnu++0x";
				CLANG_CXX_LIBRARY = "libc++";
				CLANG_ENABLE_MODULES = YES;
				CLANG_ENABLE_OBJC_ARC = YES;
				CLANG_WARN_BOOL_CONVERSION = YES;
				CLANG_WARN_CONSTANT_CONVERSION = YES;
				CLANG_WARN_DIRECT_OBJC_ISA_USAGE = YES_ERROR;
				CLANG_WARN_EMPTY_BODY = YES;
				CLANG_WARN_ENUM_CONVERSION = YES;
				CLANG_WARN_INT_CONVERSION = YES;
				CLANG_WARN_OBJC_ROOT_CLASS = YES_ERROR;
				CLANG_WARN_UNREACHABLE_CODE = YES;
				CLANG_WARN__DUPLICATE_METHOD_MATCH = YES;
				"CODE_SIGN_IDENTITY[sdk=iphoneos*]" = "iPhone Developer";
				COPY_PHASE_STRIP = NO;
				DEBUG_INFORMATION_FORMAT = "dwarf-with-dsym";
				ENABLE_NS_ASSERTIONS = NO;
				ENABLE_STRICT_OBJC_MSGSEND = YES;
				GCC_C_LANGUAGE_STANDARD = gnu99;
				GCC_NO_COMMON_BLOCKS = YES;
				GCC_WARN_64_TO_32_BIT_CONVERSION = YES;
				GCC_WARN_ABOUT_RETURN_TYPE = YES_ERROR;
				GCC_WARN_UNDECLARED_SELECTOR = YES;
				GCC_WARN_UNINITIALIZED_AUTOS = YES_AGGRESSIVE;
				GCC_WARN_UNUSED_FUNCTION = YES;
				GCC_WARN_UNUSED_VARIABLE = YES;
				IPHONEOS_DEPLOYMENT_TARGET = 9.3;
				MTL_ENABLE_DEBUG_INFO = NO;
				SDKROOT = iphoneos;
				TARGETED_DEVICE_FAMILY = "1,2";
				VALIDATE_PRODUCT = YES;
			};
			name = Release;
		};
		1119425A1CCB8CA0001CF39B /* Debug */ = {
			isa = XCBuildConfiguration;
			baseConfigurationReference = D240CDE2964B81D596798CDB /* Pods-Networking-DiscoverMovies.debug.xcconfig */;
			buildSettings = {
				ASSETCATALOG_COMPILER_APPICON_NAME = AppIcon;
				CLANG_ENABLE_MODULES = YES;
				CODE_SIGN_IDENTITY = "iPhone Developer";
				INFOPLIST_FILE = DiscoverMovies/Info.plist;
				IPHONEOS_DEPLOYMENT_TARGET = 9.0;
				LD_RUNPATH_SEARCH_PATHS = "$(inherited) @executable_path/Frameworks";
				PRODUCT_BUNDLE_IDENTIFIER = com.kairadiagne.DiscoverMovies;
				PRODUCT_NAME = "$(TARGET_NAME)";
				SWIFT_OBJC_BRIDGING_HEADER = "DiscoverMovies/AppDelegate/DiscoverMovies-Bridging-Header.h";
				SWIFT_OPTIMIZATION_LEVEL = "-Onone";
			};
			name = Debug;
		};
		1119425B1CCB8CA0001CF39B /* Release */ = {
			isa = XCBuildConfiguration;
			baseConfigurationReference = 059152109640FCEEC1AB2F4A /* Pods-Networking-DiscoverMovies.release.xcconfig */;
			buildSettings = {
				ASSETCATALOG_COMPILER_APPICON_NAME = AppIcon;
				CLANG_ENABLE_MODULES = YES;
				CODE_SIGN_IDENTITY = "iPhone Developer";
				INFOPLIST_FILE = DiscoverMovies/Info.plist;
				IPHONEOS_DEPLOYMENT_TARGET = 9.0;
				LD_RUNPATH_SEARCH_PATHS = "$(inherited) @executable_path/Frameworks";
				PRODUCT_BUNDLE_IDENTIFIER = com.kairadiagne.DiscoverMovies;
				PRODUCT_NAME = "$(TARGET_NAME)";
				SWIFT_OBJC_BRIDGING_HEADER = "DiscoverMovies/AppDelegate/DiscoverMovies-Bridging-Header.h";
			};
			name = Release;
		};
		1119425D1CCB8CA0001CF39B /* Debug */ = {
			isa = XCBuildConfiguration;
			buildSettings = {
				BUNDLE_LOADER = "$(TEST_HOST)";
				INFOPLIST_FILE = DiscoverMoviesTests/Info.plist;
				LD_RUNPATH_SEARCH_PATHS = "$(inherited) @executable_path/Frameworks @loader_path/Frameworks";
				PRODUCT_BUNDLE_IDENTIFIER = com.kairadiagne.DiscoverMoviesTests;
				PRODUCT_NAME = "$(TARGET_NAME)";
				TEST_HOST = "$(BUILT_PRODUCTS_DIR)/DiscoverMovies.app/DiscoverMovies";
			};
			name = Debug;
		};
		1119425E1CCB8CA0001CF39B /* Release */ = {
			isa = XCBuildConfiguration;
			buildSettings = {
				BUNDLE_LOADER = "$(TEST_HOST)";
				INFOPLIST_FILE = DiscoverMoviesTests/Info.plist;
				LD_RUNPATH_SEARCH_PATHS = "$(inherited) @executable_path/Frameworks @loader_path/Frameworks";
				PRODUCT_BUNDLE_IDENTIFIER = com.kairadiagne.DiscoverMoviesTests;
				PRODUCT_NAME = "$(TARGET_NAME)";
				TEST_HOST = "$(BUILT_PRODUCTS_DIR)/DiscoverMovies.app/DiscoverMovies";
			};
			name = Release;
		};
		1119427C1CCB8CBF001CF39B /* Debug */ = {
			isa = XCBuildConfiguration;
			baseConfigurationReference = 14DEAD438F600658B454A2CE /* Pods-Networking-TMDbMovieKit.debug.xcconfig */;
			buildSettings = {
				CLANG_ENABLE_MODULES = YES;
				CODE_SIGN_IDENTITY = "iPhone Developer";
				"CODE_SIGN_IDENTITY[sdk=iphoneos*]" = "iPhone Developer";
				CURRENT_PROJECT_VERSION = 1;
				DEFINES_MODULE = YES;
				DYLIB_COMPATIBILITY_VERSION = 1;
				DYLIB_CURRENT_VERSION = 1;
				DYLIB_INSTALL_NAME_BASE = "@rpath";
				INFOPLIST_FILE = TMDbMovieKit/Info.plist;
				INSTALL_PATH = "$(LOCAL_LIBRARY_DIR)/Frameworks";
				IPHONEOS_DEPLOYMENT_TARGET = 9.0;
				LD_RUNPATH_SEARCH_PATHS = "$(inherited) @executable_path/Frameworks @loader_path/Frameworks";
				PRODUCT_BUNDLE_IDENTIFIER = com.kairadiagne.TMDbMovieKit;
				PRODUCT_NAME = "$(TARGET_NAME)";
				PROVISIONING_PROFILE = "";
				SKIP_INSTALL = YES;
				SWIFT_OPTIMIZATION_LEVEL = "-Onone";
				VERSIONING_SYSTEM = "apple-generic";
				VERSION_INFO_PREFIX = "";
			};
			name = Debug;
		};
		1119427D1CCB8CBF001CF39B /* Release */ = {
			isa = XCBuildConfiguration;
			baseConfigurationReference = BA5CC387001572C734217AFD /* Pods-Networking-TMDbMovieKit.release.xcconfig */;
			buildSettings = {
				CLANG_ENABLE_MODULES = YES;
				CODE_SIGN_IDENTITY = "iPhone Developer";
				"CODE_SIGN_IDENTITY[sdk=iphoneos*]" = "iPhone Developer";
				CURRENT_PROJECT_VERSION = 1;
				DEFINES_MODULE = YES;
				DYLIB_COMPATIBILITY_VERSION = 1;
				DYLIB_CURRENT_VERSION = 1;
				DYLIB_INSTALL_NAME_BASE = "@rpath";
				INFOPLIST_FILE = TMDbMovieKit/Info.plist;
				INSTALL_PATH = "$(LOCAL_LIBRARY_DIR)/Frameworks";
				IPHONEOS_DEPLOYMENT_TARGET = 9.0;
				LD_RUNPATH_SEARCH_PATHS = "$(inherited) @executable_path/Frameworks @loader_path/Frameworks";
				PRODUCT_BUNDLE_IDENTIFIER = com.kairadiagne.TMDbMovieKit;
				PRODUCT_NAME = "$(TARGET_NAME)";
				PROVISIONING_PROFILE = "";
				SKIP_INSTALL = YES;
				VERSIONING_SYSTEM = "apple-generic";
				VERSION_INFO_PREFIX = "";
			};
			name = Release;
		};
		111942801CCB8CBF001CF39B /* Debug */ = {
			isa = XCBuildConfiguration;
			buildSettings = {
				INFOPLIST_FILE = TMDbMovieKitTests/Info.plist;
				LD_RUNPATH_SEARCH_PATHS = "$(inherited) @executable_path/Frameworks @loader_path/Frameworks";
				PRODUCT_BUNDLE_IDENTIFIER = com.kairadiagne.TMDbMovieKitTests;
				PRODUCT_NAME = "$(TARGET_NAME)";
				TEST_HOST = "$(BUILT_PRODUCTS_DIR)/DiscoverMovies.app/DiscoverMovies";
			};
			name = Debug;
		};
		111942811CCB8CBF001CF39B /* Release */ = {
			isa = XCBuildConfiguration;
			buildSettings = {
				INFOPLIST_FILE = TMDbMovieKitTests/Info.plist;
				LD_RUNPATH_SEARCH_PATHS = "$(inherited) @executable_path/Frameworks @loader_path/Frameworks";
				PRODUCT_BUNDLE_IDENTIFIER = com.kairadiagne.TMDbMovieKitTests;
				PRODUCT_NAME = "$(TARGET_NAME)";
				TEST_HOST = "$(BUILT_PRODUCTS_DIR)/DiscoverMovies.app/DiscoverMovies";
			};
			name = Release;
		};
/* End XCBuildConfiguration section */

/* Begin XCConfigurationList section */
		111942371CCB8CA0001CF39B /* Build configuration list for PBXProject "DiscoverMovies" */ = {
			isa = XCConfigurationList;
			buildConfigurations = (
				111942571CCB8CA0001CF39B /* Debug */,
				111942581CCB8CA0001CF39B /* Release */,
			);
			defaultConfigurationIsVisible = 0;
			defaultConfigurationName = Release;
		};
		111942591CCB8CA0001CF39B /* Build configuration list for PBXNativeTarget "DiscoverMovies" */ = {
			isa = XCConfigurationList;
			buildConfigurations = (
				1119425A1CCB8CA0001CF39B /* Debug */,
				1119425B1CCB8CA0001CF39B /* Release */,
			);
			defaultConfigurationIsVisible = 0;
			defaultConfigurationName = Release;
		};
		1119425C1CCB8CA0001CF39B /* Build configuration list for PBXNativeTarget "DiscoverMoviesTests" */ = {
			isa = XCConfigurationList;
			buildConfigurations = (
				1119425D1CCB8CA0001CF39B /* Debug */,
				1119425E1CCB8CA0001CF39B /* Release */,
			);
			defaultConfigurationIsVisible = 0;
			defaultConfigurationName = Release;
		};
		1119427B1CCB8CBF001CF39B /* Build configuration list for PBXNativeTarget "TMDbMovieKit" */ = {
			isa = XCConfigurationList;
			buildConfigurations = (
				1119427C1CCB8CBF001CF39B /* Debug */,
				1119427D1CCB8CBF001CF39B /* Release */,
			);
			defaultConfigurationIsVisible = 0;
			defaultConfigurationName = Release;
		};
		1119427F1CCB8CBF001CF39B /* Build configuration list for PBXNativeTarget "TMDbMovieKitTests" */ = {
			isa = XCConfigurationList;
			buildConfigurations = (
				111942801CCB8CBF001CF39B /* Debug */,
				111942811CCB8CBF001CF39B /* Release */,
			);
			defaultConfigurationIsVisible = 0;
			defaultConfigurationName = Release;
		};
/* End XCConfigurationList section */
	};
	rootObject = 111942341CCB8CA0001CF39B /* Project object */;
}
