{
  "object": {
    "pins": [
      {
        "package": "Alamofire",
        "repositoryURL": "https://github.com/Alamofire/Alamofire",
        "state": {
          "branch": null,
          "revision": "ce5be6fbc6f51414c49f56fc8e2b7c99253d9f8e",
          "version": "4.9.0"
        }
      },
      {
        "package": "Mocker",
        "repositoryURL": "https://github.com/WeTransfer/Mocker",
        "state": {
          "branch": "feature/swift-spm-integration",
          "revision": "bde47560d19e3eac0a1ea8487198eee1325ba137",
          "version": null
        }
      },
      {
        "package": "SDWebImage",
        "repositoryURL": "https://github.com/SDWebImage/SDWebImage",
        "state": {
          "branch": null,
          "revision": "a42a22ff88ae300d888942ffd801e9744a11027e",
          "version": "5.2.3"
        }
      }
    ]
  },
  "version": 1
}
